// !$*UTF8*$!
{
	archiveVersion = 1;
	classes = {
	};
	objectVersion = 55;
	objects = {

/* Begin PBXBuildFile section */
		8429026527E3561B00A6B53D /* ActionButtonStyle.swift in Sources */ = {isa = PBXBuildFile; fileRef = 8429026427E3561B00A6B53D /* ActionButtonStyle.swift */; };
		8439959327174F9B00BC1CCE /* Color+HexInit.swift in Sources */ = {isa = PBXBuildFile; fileRef = 8439959227174F9B00BC1CCE /* Color+HexInit.swift */; };
		8451EC0627E7E77A00D8A2DE /* LaunchScreen.xcassets in Resources */ = {isa = PBXBuildFile; fileRef = 8451EC0527E7E77A00D8A2DE /* LaunchScreen.xcassets */; };
		8451EC0927E80C1300D8A2DE /* R.generated.swift in Sources */ = {isa = PBXBuildFile; fileRef = 8451EC0827E80C1200D8A2DE /* R.generated.swift */; };
		8451EC0D27E8180A00D8A2DE /* RswiftSwiftUICompatibility.swift in Sources */ = {isa = PBXBuildFile; fileRef = 8451EC0C27E8180A00D8A2DE /* RswiftSwiftUICompatibility.swift */; };
		8451EC1127E8196200D8A2DE /* NotoSans-SemiBold.ttf in Resources */ = {isa = PBXBuildFile; fileRef = 8451EC1027E8195A00D8A2DE /* NotoSans-SemiBold.ttf */; };
		8451EC1227E8196500D8A2DE /* PTSerif-Bold.ttf in Resources */ = {isa = PBXBuildFile; fileRef = 8451EC0E27E8193900D8A2DE /* PTSerif-Bold.ttf */; };
		84601BF027B8187200BC9638 /* StaticImages.xcassets in Resources */ = {isa = PBXBuildFile; fileRef = 84601BEF27B8187200BC9638 /* StaticImages.xcassets */; };
		84601BFB27B8458A00BC9638 /* OnboardingEntity.swift in Sources */ = {isa = PBXBuildFile; fileRef = 84601BFA27B8458A00BC9638 /* OnboardingEntity.swift */; };
		84601C0027B8469A00BC9638 /* Stub.swift in Sources */ = {isa = PBXBuildFile; fileRef = 84601BFF27B8469A00BC9638 /* Stub.swift */; };
		846E074A27F2102500BC06A7 /* StatusBarStyleModifier.swift in Sources */ = {isa = PBXBuildFile; fileRef = 846E074927F2102500BC06A7 /* StatusBarStyleModifier.swift */; };
		849029E72715E50C009152CA /* RenteeApp.swift in Sources */ = {isa = PBXBuildFile; fileRef = 849029E62715E50C009152CA /* RenteeApp.swift */; };
		849029EB2715E50F009152CA /* AppIcon.xcassets in Resources */ = {isa = PBXBuildFile; fileRef = 849029EA2715E50F009152CA /* AppIcon.xcassets */; };
		84C1F54427E7E10900539E1A /* UpDownWave.swift in Sources */ = {isa = PBXBuildFile; fileRef = 84C1F54327E7E10900539E1A /* UpDownWave.swift */; };
		84C1F54827E7E2FD00539E1A /* CapsulePageControl.swift in Sources */ = {isa = PBXBuildFile; fileRef = 84C1F54727E7E2FD00539E1A /* CapsulePageControl.swift */; };
		84CC08B127F0D3C500BD05BA /* NotoSans-Regular.ttf in Resources */ = {isa = PBXBuildFile; fileRef = 84CC08B027F0D3C500BD05BA /* NotoSans-Regular.ttf */; };
		84E3929827EA845600BE0436 /* BackgroundSlide.swift in Sources */ = {isa = PBXBuildFile; fileRef = 84E3929727EA845500BE0436 /* BackgroundSlide.swift */; };
		84E3929A27EA84A700BE0436 /* TabCell.swift in Sources */ = {isa = PBXBuildFile; fileRef = 84E3929927EA84A700BE0436 /* TabCell.swift */; };
		84E3929C27EA84CC00BE0436 /* AuthButtonStack.swift in Sources */ = {isa = PBXBuildFile; fileRef = 84E3929B27EA84CC00BE0436 /* AuthButtonStack.swift */; };
		84E3929E27EA863500BE0436 /* NavigationButtonStack.swift in Sources */ = {isa = PBXBuildFile; fileRef = 84E3929D27EA863500BE0436 /* NavigationButtonStack.swift */; };
		84E392A027EA86B700BE0436 /* ConditionalButtonStack.swift in Sources */ = {isa = PBXBuildFile; fileRef = 84E3929F27EA86B700BE0436 /* ConditionalButtonStack.swift */; };
		84F363592715EA9100127899 /* OnboardingView.swift in Sources */ = {isa = PBXBuildFile; fileRef = 84F363582715EA9100127899 /* OnboardingView.swift */; };
		98EDB9BA47ACF80E1801042E /* libPods-Rentee.a in Frameworks */ = {isa = PBXBuildFile; fileRef = ECC47F1520FBB0875C562F76 /* libPods-Rentee.a */; };
/* End PBXBuildFile section */

/* Begin PBXFileReference section */
		8429026427E3561B00A6B53D /* ActionButtonStyle.swift */ = {isa = PBXFileReference; lastKnownFileType = sourcecode.swift; path = ActionButtonStyle.swift; sourceTree = "<group>"; };
		8439959027174DE100BC1CCE /* Info.plist */ = {isa = PBXFileReference; lastKnownFileType = text.plist.xml; path = Info.plist; sourceTree = "<group>"; };
		8439959227174F9B00BC1CCE /* Color+HexInit.swift */ = {isa = PBXFileReference; fileEncoding = 4; lastKnownFileType = sourcecode.swift; path = "Color+HexInit.swift"; sourceTree = "<group>"; };
		8451EC0527E7E77A00D8A2DE /* LaunchScreen.xcassets */ = {isa = PBXFileReference; lastKnownFileType = folder.assetcatalog; path = LaunchScreen.xcassets; sourceTree = "<group>"; };
		8451EC0827E80C1200D8A2DE /* R.generated.swift */ = {isa = PBXFileReference; fileEncoding = 4; lastKnownFileType = sourcecode.swift; path = R.generated.swift; sourceTree = SOURCE_ROOT; };
		8451EC0C27E8180A00D8A2DE /* RswiftSwiftUICompatibility.swift */ = {isa = PBXFileReference; lastKnownFileType = sourcecode.swift; path = RswiftSwiftUICompatibility.swift; sourceTree = "<group>"; };
		8451EC0E27E8193900D8A2DE /* PTSerif-Bold.ttf */ = {isa = PBXFileReference; lastKnownFileType = file; path = "PTSerif-Bold.ttf"; sourceTree = "<group>"; };
		8451EC1027E8195A00D8A2DE /* NotoSans-SemiBold.ttf */ = {isa = PBXFileReference; lastKnownFileType = file; path = "NotoSans-SemiBold.ttf"; sourceTree = "<group>"; };
		84601BEF27B8187200BC9638 /* StaticImages.xcassets */ = {isa = PBXFileReference; lastKnownFileType = folder.assetcatalog; path = StaticImages.xcassets; sourceTree = "<group>"; };
		84601BFA27B8458A00BC9638 /* OnboardingEntity.swift */ = {isa = PBXFileReference; lastKnownFileType = sourcecode.swift; path = OnboardingEntity.swift; sourceTree = "<group>"; };
		84601BFF27B8469A00BC9638 /* Stub.swift */ = {isa = PBXFileReference; lastKnownFileType = sourcecode.swift; path = Stub.swift; sourceTree = "<group>"; };
		846E074927F2102500BC06A7 /* StatusBarStyleModifier.swift */ = {isa = PBXFileReference; lastKnownFileType = sourcecode.swift; path = StatusBarStyleModifier.swift; sourceTree = "<group>"; };
		849029E32715E50C009152CA /* Rentee.app */ = {isa = PBXFileReference; explicitFileType = wrapper.application; includeInIndex = 0; path = Rentee.app; sourceTree = BUILT_PRODUCTS_DIR; };
		849029E62715E50C009152CA /* RenteeApp.swift */ = {isa = PBXFileReference; lastKnownFileType = sourcecode.swift; path = RenteeApp.swift; sourceTree = "<group>"; };
		849029EA2715E50F009152CA /* AppIcon.xcassets */ = {isa = PBXFileReference; lastKnownFileType = folder.assetcatalog; path = AppIcon.xcassets; sourceTree = "<group>"; };
		84C1F54327E7E10900539E1A /* UpDownWave.swift */ = {isa = PBXFileReference; lastKnownFileType = sourcecode.swift; path = UpDownWave.swift; sourceTree = "<group>"; };
		84C1F54727E7E2FD00539E1A /* CapsulePageControl.swift */ = {isa = PBXFileReference; lastKnownFileType = sourcecode.swift; path = CapsulePageControl.swift; sourceTree = "<group>"; };
		84CC08B027F0D3C500BD05BA /* NotoSans-Regular.ttf */ = {isa = PBXFileReference; lastKnownFileType = file; path = "NotoSans-Regular.ttf"; sourceTree = "<group>"; };
		84E3929727EA845500BE0436 /* BackgroundSlide.swift */ = {isa = PBXFileReference; lastKnownFileType = sourcecode.swift; path = BackgroundSlide.swift; sourceTree = "<group>"; };
		84E3929927EA84A700BE0436 /* TabCell.swift */ = {isa = PBXFileReference; lastKnownFileType = sourcecode.swift; path = TabCell.swift; sourceTree = "<group>"; };
		84E3929B27EA84CC00BE0436 /* AuthButtonStack.swift */ = {isa = PBXFileReference; lastKnownFileType = sourcecode.swift; path = AuthButtonStack.swift; sourceTree = "<group>"; };
		84E3929D27EA863500BE0436 /* NavigationButtonStack.swift */ = {isa = PBXFileReference; lastKnownFileType = sourcecode.swift; path = NavigationButtonStack.swift; sourceTree = "<group>"; };
		84E3929F27EA86B700BE0436 /* ConditionalButtonStack.swift */ = {isa = PBXFileReference; lastKnownFileType = sourcecode.swift; path = ConditionalButtonStack.swift; sourceTree = "<group>"; };
		84F363582715EA9100127899 /* OnboardingView.swift */ = {isa = PBXFileReference; lastKnownFileType = sourcecode.swift; path = OnboardingView.swift; sourceTree = "<group>"; };
		8D216C28A8265FB860EE7656 /* Pods-Rentee.release.xcconfig */ = {isa = PBXFileReference; includeInIndex = 1; lastKnownFileType = text.xcconfig; name = "Pods-Rentee.release.xcconfig"; path = "Target Support Files/Pods-Rentee/Pods-Rentee.release.xcconfig"; sourceTree = "<group>"; };
		A9904154E27491F5A8999385 /* Pods-Rentee.debug.xcconfig */ = {isa = PBXFileReference; includeInIndex = 1; lastKnownFileType = text.xcconfig; name = "Pods-Rentee.debug.xcconfig"; path = "Target Support Files/Pods-Rentee/Pods-Rentee.debug.xcconfig"; sourceTree = "<group>"; };
		ECC47F1520FBB0875C562F76 /* libPods-Rentee.a */ = {isa = PBXFileReference; explicitFileType = archive.ar; includeInIndex = 0; path = "libPods-Rentee.a"; sourceTree = BUILT_PRODUCTS_DIR; };
/* End PBXFileReference section */

/* Begin PBXFrameworksBuildPhase section */
		849029E02715E50C009152CA /* Frameworks */ = {
			isa = PBXFrameworksBuildPhase;
			buildActionMask = 2147483647;
			files = (
				98EDB9BA47ACF80E1801042E /* libPods-Rentee.a in Frameworks */,
			);
			runOnlyForDeploymentPostprocessing = 0;
		};
/* End PBXFrameworksBuildPhase section */

/* Begin PBXGroup section */
		2E89F05EF25E4570FC18D1BC /* Frameworks */ = {
			isa = PBXGroup;
			children = (
				ECC47F1520FBB0875C562F76 /* libPods-Rentee.a */,
			);
			name = Frameworks;
			sourceTree = "<group>";
		};
		3D3E4DE2198D421AEE6F43E5 /* Pods */ = {
			isa = PBXGroup;
			children = (
				A9904154E27491F5A8999385 /* Pods-Rentee.debug.xcconfig */,
				8D216C28A8265FB860EE7656 /* Pods-Rentee.release.xcconfig */,
			);
			path = Pods;
			sourceTree = "<group>";
		};
		8429024927E2064800A6B53D /* ButtonStyles */ = {
			isa = PBXGroup;
			children = (
				8429026427E3561B00A6B53D /* ActionButtonStyle.swift */,
			);
			path = ButtonStyles;
			sourceTree = "<group>";
		};
		8439959127174F8D00BC1CCE /* Extensions */ = {
			isa = PBXGroup;
			children = (
				8439959227174F9B00BC1CCE /* Color+HexInit.swift */,
			);
			path = Extensions;
			sourceTree = "<group>";
		};
		8451EC0A27E8161700D8A2DE /* NotoSans */ = {
			isa = PBXGroup;
			children = (
				84CC08B027F0D3C500BD05BA /* NotoSans-Regular.ttf */,
				8451EC1027E8195A00D8A2DE /* NotoSans-SemiBold.ttf */,
			);
			path = NotoSans;
			sourceTree = "<group>";
		};
		8451EC0B27E8166B00D8A2DE /* PTSerif */ = {
			isa = PBXGroup;
			children = (
				8451EC0E27E8193900D8A2DE /* PTSerif-Bold.ttf */,
			);
			path = PTSerif;
			sourceTree = "<group>";
		};
		84601BF827B8456A00BC9638 /* Model */ = {
			isa = PBXGroup;
			children = (
				84601BFC27B8466800BC9638 /* Dummy */,
				84601BF927B8456E00BC9638 /* Entities */,
			);
			path = Model;
			sourceTree = "<group>";
		};
		84601BF927B8456E00BC9638 /* Entities */ = {
			isa = PBXGroup;
			children = (
				84601BFA27B8458A00BC9638 /* OnboardingEntity.swift */,
			);
			path = Entities;
			sourceTree = "<group>";
		};
		84601BFC27B8466800BC9638 /* Dummy */ = {
			isa = PBXGroup;
			children = (
				84601BFF27B8469A00BC9638 /* Stub.swift */,
			);
			path = Dummy;
			sourceTree = "<group>";
		};
		846E074827F20FF900BC06A7 /* Modifiers */ = {
			isa = PBXGroup;
			children = (
				846E074927F2102500BC06A7 /* StatusBarStyleModifier.swift */,
			);
			path = Modifiers;
			sourceTree = "<group>";
		};
		849029DA2715E50C009152CA = {
			isa = PBXGroup;
			children = (
				849029E52715E50C009152CA /* Rentee */,
				849029E42715E50C009152CA /* Products */,
				3D3E4DE2198D421AEE6F43E5 /* Pods */,
				2E89F05EF25E4570FC18D1BC /* Frameworks */,
			);
			sourceTree = "<group>";
		};
		849029E42715E50C009152CA /* Products */ = {
			isa = PBXGroup;
			children = (
				849029E32715E50C009152CA /* Rentee.app */,
			);
			name = Products;
			sourceTree = "<group>";
		};
		849029E52715E50C009152CA /* Rentee */ = {
			isa = PBXGroup;
			children = (
				8439959027174DE100BC1CCE /* Info.plist */,
				849029E62715E50C009152CA /* RenteeApp.swift */,
				84601BF827B8456A00BC9638 /* Model */,
				84F363562715E5D100127899 /* Views */,
				8439959127174F8D00BC1CCE /* Extensions */,
				84F3635A271745D100127899 /* Resources */,
			);
			path = Rentee;
			sourceTree = "<group>";
		};
		84C1F54227E7E0F000539E1A /* Shapes */ = {
			isa = PBXGroup;
			children = (
				84C1F54327E7E10900539E1A /* UpDownWave.swift */,
			);
			path = Shapes;
			sourceTree = "<group>";
		};
		84C1F54527E7E2DD00539E1A /* CustomViews */ = {
			isa = PBXGroup;
			children = (
				84C1F54727E7E2FD00539E1A /* CapsulePageControl.swift */,
			);
			path = CustomViews;
			sourceTree = "<group>";
		};
		84E3929427EA83FE00BE0436 /* Shared */ = {
			isa = PBXGroup;
			children = (
				846E074827F20FF900BC06A7 /* Modifiers */,
				8429024927E2064800A6B53D /* ButtonStyles */,
			);
			path = Shared;
			sourceTree = "<group>";
		};
		84E3929527EA841E00BE0436 /* OnboardingView */ = {
			isa = PBXGroup;
			children = (
				84E3929627EA844200BE0436 /* Transitions */,
				84C1F54527E7E2DD00539E1A /* CustomViews */,
				84C1F54227E7E0F000539E1A /* Shapes */,
				84F363582715EA9100127899 /* OnboardingView.swift */,
				84E3929927EA84A700BE0436 /* TabCell.swift */,
				84E3929F27EA86B700BE0436 /* ConditionalButtonStack.swift */,
				84E3929D27EA863500BE0436 /* NavigationButtonStack.swift */,
				84E3929B27EA84CC00BE0436 /* AuthButtonStack.swift */,
			);
			path = OnboardingView;
			sourceTree = "<group>";
		};
		84E3929627EA844200BE0436 /* Transitions */ = {
			isa = PBXGroup;
			children = (
				84E3929727EA845500BE0436 /* BackgroundSlide.swift */,
			);
			path = Transitions;
			sourceTree = "<group>";
		};
		84F363562715E5D100127899 /* Views */ = {
			isa = PBXGroup;
			children = (
				84E3929427EA83FE00BE0436 /* Shared */,
				84E3929527EA841E00BE0436 /* OnboardingView */,
			);
			path = Views;
			sourceTree = "<group>";
		};
		84F363572715E5E600127899 /* Assets */ = {
			isa = PBXGroup;
			children = (
				849029EA2715E50F009152CA /* AppIcon.xcassets */,
				84601BEF27B8187200BC9638 /* StaticImages.xcassets */,
				8451EC0527E7E77A00D8A2DE /* LaunchScreen.xcassets */,
			);
			path = Assets;
			sourceTree = "<group>";
		};
		84F3635A271745D100127899 /* Resources */ = {
			isa = PBXGroup;
			children = (
				8451EC0827E80C1200D8A2DE /* R.generated.swift */,
				8451EC0C27E8180A00D8A2DE /* RswiftSwiftUICompatibility.swift */,
				84F3635B271745DA00127899 /* Fonts */,
				84F363572715E5E600127899 /* Assets */,
			);
			path = Resources;
			sourceTree = "<group>";
		};
		84F3635B271745DA00127899 /* Fonts */ = {
			isa = PBXGroup;
			children = (
				8451EC0A27E8161700D8A2DE /* NotoSans */,
				8451EC0B27E8166B00D8A2DE /* PTSerif */,
			);
			path = Fonts;
			sourceTree = "<group>";
		};
/* End PBXGroup section */

/* Begin PBXNativeTarget section */
		849029E22715E50C009152CA /* Rentee */ = {
			isa = PBXNativeTarget;
			buildConfigurationList = 849029F12715E50F009152CA /* Build configuration list for PBXNativeTarget "Rentee" */;
			buildPhases = (
				6F17D0BBA341B851AFD25DB1 /* [CP] Check Pods Manifest.lock */,
				8451EC0727E80B7D00D8A2DE /* R.swift */,
				849029DF2715E50C009152CA /* Sources */,
				849029E02715E50C009152CA /* Frameworks */,
				849029E12715E50C009152CA /* Resources */,
				849E7ED327EF85FE0022875B /* SwiftLint */,
			);
			buildRules = (
			);
			dependencies = (
			);
			name = Rentee;
			productName = Rentee;
			productReference = 849029E32715E50C009152CA /* Rentee.app */;
			productType = "com.apple.product-type.application";
		};
/* End PBXNativeTarget section */

/* Begin PBXProject section */
		849029DB2715E50C009152CA /* Project object */ = {
			isa = PBXProject;
			attributes = {
				BuildIndependentTargetsInParallel = 1;
				LastSwiftUpdateCheck = 1300;
				LastUpgradeCheck = 1300;
				TargetAttributes = {
					849029E22715E50C009152CA = {
						CreatedOnToolsVersion = 13.0;
					};
				};
			};
			buildConfigurationList = 849029DE2715E50C009152CA /* Build configuration list for PBXProject "Rentee" */;
			compatibilityVersion = "Xcode 13.0";
			developmentRegion = en;
			hasScannedForEncodings = 0;
			knownRegions = (
				en,
				Base,
			);
			mainGroup = 849029DA2715E50C009152CA;
			productRefGroup = 849029E42715E50C009152CA /* Products */;
			projectDirPath = "";
			projectRoot = "";
			targets = (
				849029E22715E50C009152CA /* Rentee */,
			);
		};
/* End PBXProject section */

/* Begin PBXResourcesBuildPhase section */
		849029E12715E50C009152CA /* Resources */ = {
			isa = PBXResourcesBuildPhase;
			buildActionMask = 2147483647;
			files = (
				84CC08B127F0D3C500BD05BA /* NotoSans-Regular.ttf in Resources */,
				849029EB2715E50F009152CA /* AppIcon.xcassets in Resources */,
				8451EC0627E7E77A00D8A2DE /* LaunchScreen.xcassets in Resources */,
				8451EC1127E8196200D8A2DE /* NotoSans-SemiBold.ttf in Resources */,
				8451EC1227E8196500D8A2DE /* PTSerif-Bold.ttf in Resources */,
				84601BF027B8187200BC9638 /* StaticImages.xcassets in Resources */,
			);
			runOnlyForDeploymentPostprocessing = 0;
		};
/* End PBXResourcesBuildPhase section */

/* Begin PBXShellScriptBuildPhase section */
		6F17D0BBA341B851AFD25DB1 /* [CP] Check Pods Manifest.lock */ = {
			isa = PBXShellScriptBuildPhase;
			buildActionMask = 2147483647;
			files = (
			);
			inputFileListPaths = (
			);
			inputPaths = (
				"${PODS_PODFILE_DIR_PATH}/Podfile.lock",
				"${PODS_ROOT}/Manifest.lock",
			);
			name = "[CP] Check Pods Manifest.lock";
			outputFileListPaths = (
			);
			outputPaths = (
				"$(DERIVED_FILE_DIR)/Pods-Rentee-checkManifestLockResult.txt",
			);
			runOnlyForDeploymentPostprocessing = 0;
			shellPath = /bin/sh;
			shellScript = "diff \"${PODS_PODFILE_DIR_PATH}/Podfile.lock\" \"${PODS_ROOT}/Manifest.lock\" > /dev/null\nif [ $? != 0 ] ; then\n    # print error to STDERR\n    echo \"error: The sandbox is not in sync with the Podfile.lock. Run 'pod install' or update your CocoaPods installation.\" >&2\n    exit 1\nfi\n# This output is used by Xcode 'outputs' to avoid re-running this script phase.\necho \"SUCCESS\" > \"${SCRIPT_OUTPUT_FILE_0}\"\n";
			showEnvVarsInLog = 0;
		};
		8451EC0727E80B7D00D8A2DE /* R.swift */ = {
			isa = PBXShellScriptBuildPhase;
			alwaysOutOfDate = 1;
			buildActionMask = 2147483647;
			files = (
			);
			inputFileListPaths = (
			);
			inputPaths = (
			);
			name = R.swift;
			outputFileListPaths = (
			);
			outputPaths = (
				" $SRCROOT/R.generated.swift",
			);
			runOnlyForDeploymentPostprocessing = 0;
			shellPath = /bin/sh;
			shellScript = "\"$PODS_ROOT/R.swift/rswift\" generate \"$SRCROOT/R.generated.swift\"\n";
		};
		849E7ED327EF85FE0022875B /* SwiftLint */ = {
			isa = PBXShellScriptBuildPhase;
			buildActionMask = 2147483647;
			files = (
			);
			inputFileListPaths = (
			);
			inputPaths = (
			);
			name = SwiftLint;
			outputFileListPaths = (
			);
			outputPaths = (
			);
			runOnlyForDeploymentPostprocessing = 0;
			shellPath = /bin/sh;
			shellScript = "\"${PODS_ROOT}/SwiftLint/swiftlint\"\n";
		};
/* End PBXShellScriptBuildPhase section */

/* Begin PBXSourcesBuildPhase section */
		849029DF2715E50C009152CA /* Sources */ = {
			isa = PBXSourcesBuildPhase;
			buildActionMask = 2147483647;
			files = (
				846E074A27F2102500BC06A7 /* StatusBarStyleModifier.swift in Sources */,
				84E3929E27EA863500BE0436 /* NavigationButtonStack.swift in Sources */,
				84E3929C27EA84CC00BE0436 /* AuthButtonStack.swift in Sources */,
				849029E72715E50C009152CA /* RenteeApp.swift in Sources */,
				84C1F54827E7E2FD00539E1A /* CapsulePageControl.swift in Sources */,
				8451EC0927E80C1300D8A2DE /* R.generated.swift in Sources */,
				84F363592715EA9100127899 /* OnboardingView.swift in Sources */,
				8451EC0D27E8180A00D8A2DE /* RswiftSwiftUICompatibility.swift in Sources */,
				84601BFB27B8458A00BC9638 /* OnboardingEntity.swift in Sources */,
				8429026527E3561B00A6B53D /* ActionButtonStyle.swift in Sources */,
				8439959327174F9B00BC1CCE /* Color+HexInit.swift in Sources */,
				84E392A027EA86B700BE0436 /* ConditionalButtonStack.swift in Sources */,
				84C1F54427E7E10900539E1A /* UpDownWave.swift in Sources */,
				84601C0027B8469A00BC9638 /* Stub.swift in Sources */,
				84E3929827EA845600BE0436 /* BackgroundSlide.swift in Sources */,
				84E3929A27EA84A700BE0436 /* TabCell.swift in Sources */,
			);
			runOnlyForDeploymentPostprocessing = 0;
		};
/* End PBXSourcesBuildPhase section */

/* Begin XCBuildConfiguration section */
		849029EF2715E50F009152CA /* Debug */ = {
			isa = XCBuildConfiguration;
			buildSettings = {
				ALWAYS_SEARCH_USER_PATHS = NO;
				CLANG_ANALYZER_NONNULL = YES;
				CLANG_ANALYZER_NUMBER_OBJECT_CONVERSION = YES_AGGRESSIVE;
				CLANG_CXX_LANGUAGE_STANDARD = "gnu++17";
				CLANG_CXX_LIBRARY = "libc++";
				CLANG_ENABLE_MODULES = YES;
				CLANG_ENABLE_OBJC_ARC = YES;
				CLANG_ENABLE_OBJC_WEAK = YES;
				CLANG_WARN_BLOCK_CAPTURE_AUTORELEASING = YES;
				CLANG_WARN_BOOL_CONVERSION = YES;
				CLANG_WARN_COMMA = YES;
				CLANG_WARN_CONSTANT_CONVERSION = YES;
				CLANG_WARN_DEPRECATED_OBJC_IMPLEMENTATIONS = YES;
				CLANG_WARN_DIRECT_OBJC_ISA_USAGE = YES_ERROR;
				CLANG_WARN_DOCUMENTATION_COMMENTS = YES;
				CLANG_WARN_EMPTY_BODY = YES;
				CLANG_WARN_ENUM_CONVERSION = YES;
				CLANG_WARN_INFINITE_RECURSION = YES;
				CLANG_WARN_INT_CONVERSION = YES;
				CLANG_WARN_NON_LITERAL_NULL_CONVERSION = YES;
				CLANG_WARN_OBJC_IMPLICIT_RETAIN_SELF = YES;
				CLANG_WARN_OBJC_LITERAL_CONVERSION = YES;
				CLANG_WARN_OBJC_ROOT_CLASS = YES_ERROR;
				CLANG_WARN_QUOTED_INCLUDE_IN_FRAMEWORK_HEADER = YES;
				CLANG_WARN_RANGE_LOOP_ANALYSIS = YES;
				CLANG_WARN_STRICT_PROTOTYPES = YES;
				CLANG_WARN_SUSPICIOUS_MOVE = YES;
				CLANG_WARN_UNGUARDED_AVAILABILITY = YES_AGGRESSIVE;
				CLANG_WARN_UNREACHABLE_CODE = YES;
				CLANG_WARN__DUPLICATE_METHOD_MATCH = YES;
				COPY_PHASE_STRIP = NO;
				DEBUG_INFORMATION_FORMAT = dwarf;
				ENABLE_STRICT_OBJC_MSGSEND = YES;
				ENABLE_TESTABILITY = YES;
				GCC_C_LANGUAGE_STANDARD = gnu11;
				GCC_DYNAMIC_NO_PIC = NO;
				GCC_NO_COMMON_BLOCKS = YES;
				GCC_OPTIMIZATION_LEVEL = 0;
				GCC_PREPROCESSOR_DEFINITIONS = (
					"DEBUG=1",
					"$(inherited)",
				);
				GCC_WARN_64_TO_32_BIT_CONVERSION = YES;
				GCC_WARN_ABOUT_RETURN_TYPE = YES_ERROR;
				GCC_WARN_UNDECLARED_SELECTOR = YES;
				GCC_WARN_UNINITIALIZED_AUTOS = YES_AGGRESSIVE;
				GCC_WARN_UNUSED_FUNCTION = YES;
				GCC_WARN_UNUSED_VARIABLE = YES;
				IPHONEOS_DEPLOYMENT_TARGET = 14.0;
				MTL_ENABLE_DEBUG_INFO = INCLUDE_SOURCE;
				MTL_FAST_MATH = YES;
				ONLY_ACTIVE_ARCH = YES;
				SDKROOT = iphoneos;
				SWIFT_ACTIVE_COMPILATION_CONDITIONS = DEBUG;
				SWIFT_OPTIMIZATION_LEVEL = "-Onone";
			};
			name = Debug;
		};
		849029F02715E50F009152CA /* Release */ = {
			isa = XCBuildConfiguration;
			buildSettings = {
				ALWAYS_SEARCH_USER_PATHS = NO;
				CLANG_ANALYZER_NONNULL = YES;
				CLANG_ANALYZER_NUMBER_OBJECT_CONVERSION = YES_AGGRESSIVE;
				CLANG_CXX_LANGUAGE_STANDARD = "gnu++17";
				CLANG_CXX_LIBRARY = "libc++";
				CLANG_ENABLE_MODULES = YES;
				CLANG_ENABLE_OBJC_ARC = YES;
				CLANG_ENABLE_OBJC_WEAK = YES;
				CLANG_WARN_BLOCK_CAPTURE_AUTORELEASING = YES;
				CLANG_WARN_BOOL_CONVERSION = YES;
				CLANG_WARN_COMMA = YES;
				CLANG_WARN_CONSTANT_CONVERSION = YES;
				CLANG_WARN_DEPRECATED_OBJC_IMPLEMENTATIONS = YES;
				CLANG_WARN_DIRECT_OBJC_ISA_USAGE = YES_ERROR;
				CLANG_WARN_DOCUMENTATION_COMMENTS = YES;
				CLANG_WARN_EMPTY_BODY = YES;
				CLANG_WARN_ENUM_CONVERSION = YES;
				CLANG_WARN_INFINITE_RECURSION = YES;
				CLANG_WARN_INT_CONVERSION = YES;
				CLANG_WARN_NON_LITERAL_NULL_CONVERSION = YES;
				CLANG_WARN_OBJC_IMPLICIT_RETAIN_SELF = YES;
				CLANG_WARN_OBJC_LITERAL_CONVERSION = YES;
				CLANG_WARN_OBJC_ROOT_CLASS = YES_ERROR;
				CLANG_WARN_QUOTED_INCLUDE_IN_FRAMEWORK_HEADER = YES;
				CLANG_WARN_RANGE_LOOP_ANALYSIS = YES;
				CLANG_WARN_STRICT_PROTOTYPES = YES;
				CLANG_WARN_SUSPICIOUS_MOVE = YES;
				CLANG_WARN_UNGUARDED_AVAILABILITY = YES_AGGRESSIVE;
				CLANG_WARN_UNREACHABLE_CODE = YES;
				CLANG_WARN__DUPLICATE_METHOD_MATCH = YES;
				COPY_PHASE_STRIP = NO;
				DEBUG_INFORMATION_FORMAT = "dwarf-with-dsym";
				ENABLE_NS_ASSERTIONS = NO;
				ENABLE_STRICT_OBJC_MSGSEND = YES;
				GCC_C_LANGUAGE_STANDARD = gnu11;
				GCC_NO_COMMON_BLOCKS = YES;
				GCC_WARN_64_TO_32_BIT_CONVERSION = YES;
				GCC_WARN_ABOUT_RETURN_TYPE = YES_ERROR;
				GCC_WARN_UNDECLARED_SELECTOR = YES;
				GCC_WARN_UNINITIALIZED_AUTOS = YES_AGGRESSIVE;
				GCC_WARN_UNUSED_FUNCTION = YES;
				GCC_WARN_UNUSED_VARIABLE = YES;
				IPHONEOS_DEPLOYMENT_TARGET = 14.0;
				MTL_ENABLE_DEBUG_INFO = NO;
				MTL_FAST_MATH = YES;
				SDKROOT = iphoneos;
				SWIFT_COMPILATION_MODE = wholemodule;
				SWIFT_OPTIMIZATION_LEVEL = "-O";
				VALIDATE_PRODUCT = YES;
			};
			name = Release;
		};
		849029F22715E50F009152CA /* Debug */ = {
			isa = XCBuildConfiguration;
			baseConfigurationReference = A9904154E27491F5A8999385 /* Pods-Rentee.debug.xcconfig */;
			buildSettings = {
				ASSETCATALOG_COMPILER_APPICON_NAME = AppIcon;
				ASSETCATALOG_COMPILER_GLOBAL_ACCENT_COLOR_NAME = AccentColor;
				CODE_SIGN_STYLE = Automatic;
				CURRENT_PROJECT_VERSION = 1;
				DEVELOPMENT_ASSET_PATHS = "";
				ENABLE_PREVIEWS = YES;
				GENERATE_INFOPLIST_FILE = YES;
				INFOPLIST_FILE = Rentee/Info.plist;
				INFOPLIST_KEY_UIApplicationSceneManifest_Generation = YES;
				INFOPLIST_KEY_UIApplicationSupportsIndirectInputEvents = YES;
				INFOPLIST_KEY_UILaunchScreen_Generation = YES;
				INFOPLIST_KEY_UISupportedInterfaceOrientations = UIInterfaceOrientationPortrait;
				INFOPLIST_KEY_UISupportedInterfaceOrientations_iPad = "UIInterfaceOrientationPortrait UIInterfaceOrientationPortraitUpsideDown UIInterfaceOrientationLandscapeLeft UIInterfaceOrientationLandscapeRight";
				INFOPLIST_KEY_UISupportedInterfaceOrientations_iPhone = "UIInterfaceOrientationPortrait UIInterfaceOrientationLandscapeLeft UIInterfaceOrientationLandscapeRight";
				IPHONEOS_DEPLOYMENT_TARGET = 15.0;
				LD_RUNPATH_SEARCH_PATHS = (
					"$(inherited)",
					"@executable_path/Frameworks",
				);
				MARKETING_VERSION = 1.0.0;
				PRODUCT_BUNDLE_IDENTIFIER = OstapTyvonovych.Rentee;
				PRODUCT_NAME = "$(TARGET_NAME)";
				SWIFT_EMIT_LOC_STRINGS = YES;
				SWIFT_VERSION = 5.0;
				TARGETED_DEVICE_FAMILY = "1,2";
			};
			name = Debug;
		};
		849029F32715E50F009152CA /* Release */ = {
			isa = XCBuildConfiguration;
			baseConfigurationReference = 8D216C28A8265FB860EE7656 /* Pods-Rentee.release.xcconfig */;
			buildSettings = {
				ASSETCATALOG_COMPILER_APPICON_NAME = AppIcon;
				ASSETCATALOG_COMPILER_GLOBAL_ACCENT_COLOR_NAME = AccentColor;
				CODE_SIGN_STYLE = Automatic;
				CURRENT_PROJECT_VERSION = 1;
				DEVELOPMENT_ASSET_PATHS = "";
				ENABLE_PREVIEWS = YES;
				GENERATE_INFOPLIST_FILE = YES;
				INFOPLIST_FILE = Rentee/Info.plist;
				INFOPLIST_KEY_UIApplicationSceneManifest_Generation = YES;
				INFOPLIST_KEY_UIApplicationSupportsIndirectInputEvents = YES;
				INFOPLIST_KEY_UILaunchScreen_Generation = YES;
				INFOPLIST_KEY_UISupportedInterfaceOrientations = UIInterfaceOrientationPortrait;
				INFOPLIST_KEY_UISupportedInterfaceOrientations_iPad = "UIInterfaceOrientationPortrait UIInterfaceOrientationPortraitUpsideDown UIInterfaceOrientationLandscapeLeft UIInterfaceOrientationLandscapeRight";
				INFOPLIST_KEY_UISupportedInterfaceOrientations_iPhone = "UIInterfaceOrientationPortrait UIInterfaceOrientationLandscapeLeft UIInterfaceOrientationLandscapeRight";
				IPHONEOS_DEPLOYMENT_TARGET = 15.0;
				LD_RUNPATH_SEARCH_PATHS = (
					"$(inherited)",
					"@executable_path/Frameworks",
				);
				MARKETING_VERSION = 1.0.0;
				PRODUCT_BUNDLE_IDENTIFIER = OstapTyvonovych.Rentee;
				PRODUCT_NAME = "$(TARGET_NAME)";
				SWIFT_EMIT_LOC_STRINGS = YES;
				SWIFT_VERSION = 5.0;
				TARGETED_DEVICE_FAMILY = "1,2";
			};
			name = Release;
		};
/* End XCBuildConfiguration section */

/* Begin XCConfigurationList section */
		849029DE2715E50C009152CA /* Build configuration list for PBXProject "Rentee" */ = {
			isa = XCConfigurationList;
			buildConfigurations = (
				849029EF2715E50F009152CA /* Debug */,
				849029F02715E50F009152CA /* Release */,
			);
			defaultConfigurationIsVisible = 0;
			defaultConfigurationName = Release;
		};
		849029F12715E50F009152CA /* Build configuration list for PBXNativeTarget "Rentee" */ = {
			isa = XCConfigurationList;
			buildConfigurations = (
				849029F22715E50F009152CA /* Debug */,
				849029F32715E50F009152CA /* Release */,
			);
			defaultConfigurationIsVisible = 0;
			defaultConfigurationName = Release;
		};
/* End XCConfigurationList section */
	};
	rootObject = 849029DB2715E50C009152CA /* Project object */;
}
