// !$*UTF8*$!
{
	archiveVersion = 1;
	classes = {
	};
	objectVersion = 55;
	objects = {

/* Begin PBXBuildFile section */
		840C4FB5287753820084F7FC /* SegmentedControl.swift in Sources */ = {isa = PBXBuildFile; fileRef = 840C4FB4287753820084F7FC /* SegmentedControl.swift */; };
		8429026527E3561B00A6B53D /* ActionButtonStyle.swift in Sources */ = {isa = PBXBuildFile; fileRef = 8429026427E3561B00A6B53D /* ActionButtonStyle.swift */; };
		842A8F4F28106A19008B358E /* String+localizedError.swift in Sources */ = {isa = PBXBuildFile; fileRef = 842A8F4E28106A19008B358E /* String+localizedError.swift */; };
		842A8F512810765D008B358E /* RNTCodeMFAFieldDelegate.swift in Sources */ = {isa = PBXBuildFile; fileRef = 842A8F502810765D008B358E /* RNTCodeMFAFieldDelegate.swift */; };
		842A8F5628118D30008B358E /* Pictogram.swift in Sources */ = {isa = PBXBuildFile; fileRef = 842A8F5528118D30008B358E /* Pictogram.swift */; };
		842A8F592811D453008B358E /* SignInForm.swift in Sources */ = {isa = PBXBuildFile; fileRef = 842A8F582811D453008B358E /* SignInForm.swift */; };
		842A8F5B2811D4C3008B358E /* SignUpProposal.swift in Sources */ = {isa = PBXBuildFile; fileRef = 842A8F5A2811D4C3008B358E /* SignUpProposal.swift */; };
		842E89E327F24FF1005ABDCB /* AuthViewBackground.swift in Sources */ = {isa = PBXBuildFile; fileRef = 842E89E227F24FF1005ABDCB /* AuthViewBackground.swift */; };
		842E89E527F2501E005ABDCB /* AuthFormSheet.swift in Sources */ = {isa = PBXBuildFile; fileRef = 842E89E427F2501E005ABDCB /* AuthFormSheet.swift */; };
		842E89E727F2503C005ABDCB /* SecureLookUpField.swift in Sources */ = {isa = PBXBuildFile; fileRef = 842E89E627F2503C005ABDCB /* SecureLookUpField.swift */; };
		842E89E927F250A1005ABDCB /* DataField.swift in Sources */ = {isa = PBXBuildFile; fileRef = 842E89E827F250A1005ABDCB /* DataField.swift */; };
		842E89EE27F2513C005ABDCB /* UIApplication+endEditing.swift in Sources */ = {isa = PBXBuildFile; fileRef = 842E89ED27F2513C005ABDCB /* UIApplication+endEditing.swift */; };
		842E89F027F25750005ABDCB /* RenteeLogo.swift in Sources */ = {isa = PBXBuildFile; fileRef = 842E89EF27F25750005ABDCB /* RenteeLogo.swift */; };
		842E89F227F25763005ABDCB /* SignUpForm.swift in Sources */ = {isa = PBXBuildFile; fileRef = 842E89F127F25763005ABDCB /* SignUpForm.swift */; };
		842E89F427F25820005ABDCB /* SignInProposal.swift in Sources */ = {isa = PBXBuildFile; fileRef = 842E89F327F25820005ABDCB /* SignInProposal.swift */; };
		842E89F627F34782005ABDCB /* Header.swift in Sources */ = {isa = PBXBuildFile; fileRef = 842E89F527F34782005ABDCB /* Header.swift */; };
		842E89F927F35A0C005ABDCB /* ErrorMessageModifier.swift in Sources */ = {isa = PBXBuildFile; fileRef = 842E89F827F35A0C005ABDCB /* ErrorMessageModifier.swift */; };
		843556EE287568EF0008264C /* HomeView.swift in Sources */ = {isa = PBXBuildFile; fileRef = 843556ED287568EF0008264C /* HomeView.swift */; };
		84364F4A2811E7490056F1B5 /* ResetPasswordPhoneForm.swift in Sources */ = {isa = PBXBuildFile; fileRef = 84364F492811E7490056F1B5 /* ResetPasswordPhoneForm.swift */; };
		84364F4C2811E9C00056F1B5 /* OperationDescription.swift in Sources */ = {isa = PBXBuildFile; fileRef = 84364F4B2811E9C00056F1B5 /* OperationDescription.swift */; };
		8439959327174F9B00BC1CCE /* Color+HexInit.swift in Sources */ = {isa = PBXBuildFile; fileRef = 8439959227174F9B00BC1CCE /* Color+HexInit.swift */; };
		8443DB332813486400E9CC39 /* AuthorizationStub.swift in Sources */ = {isa = PBXBuildFile; fileRef = 8443DB322813486400E9CC39 /* AuthorizationStub.swift */; };
		8443DB352813488A00E9CC39 /* OnboardingStub.swift in Sources */ = {isa = PBXBuildFile; fileRef = 8443DB342813488A00E9CC39 /* OnboardingStub.swift */; };
		844F41A027F1DB7900EF663F /* RenteeTextFieldStyle.swift in Sources */ = {isa = PBXBuildFile; fileRef = 844F419F27F1DB7800EF663F /* RenteeTextFieldStyle.swift */; };
		8451EC0627E7E77A00D8A2DE /* LaunchScreen.xcassets in Resources */ = {isa = PBXBuildFile; fileRef = 8451EC0527E7E77A00D8A2DE /* LaunchScreen.xcassets */; };
		8451EC0927E80C1300D8A2DE /* R.generated.swift in Sources */ = {isa = PBXBuildFile; fileRef = 8451EC0827E80C1200D8A2DE /* R.generated.swift */; };
		8451EC0D27E8180A00D8A2DE /* RswiftSwiftUICompatibility.swift in Sources */ = {isa = PBXBuildFile; fileRef = 8451EC0C27E8180A00D8A2DE /* RswiftSwiftUICompatibility.swift */; };
		8451EC1127E8196200D8A2DE /* NotoSans-SemiBold.ttf in Resources */ = {isa = PBXBuildFile; fileRef = 8451EC1027E8195A00D8A2DE /* NotoSans-SemiBold.ttf */; };
		8451EC1227E8196500D8A2DE /* PTSerif-Bold.ttf in Resources */ = {isa = PBXBuildFile; fileRef = 8451EC0E27E8193900D8A2DE /* PTSerif-Bold.ttf */; };
		84601BF027B8187200BC9638 /* StaticImages.xcassets in Resources */ = {isa = PBXBuildFile; fileRef = 84601BEF27B8187200BC9638 /* StaticImages.xcassets */; };
		84601BFB27B8458A00BC9638 /* OnboardingCardEntity.swift in Sources */ = {isa = PBXBuildFile; fileRef = 84601BFA27B8458A00BC9638 /* OnboardingCardEntity.swift */; };
		84601C0027B8469A00BC9638 /* Stubs.swift in Sources */ = {isa = PBXBuildFile; fileRef = 84601BFF27B8469A00BC9638 /* Stubs.swift */; };
		84605D672811F23B00EC31A7 /* SideActionButtonStyleSizeKey.swift in Sources */ = {isa = PBXBuildFile; fileRef = 84605D662811F23B00EC31A7 /* SideActionButtonStyleSizeKey.swift */; };
		84605D692811F37E00EC31A7 /* MainActionButtonStyleSizeKey.swift in Sources */ = {isa = PBXBuildFile; fileRef = 84605D682811F37E00EC31A7 /* MainActionButtonStyleSizeKey.swift */; };
		84605D6B2811FA3800EC31A7 /* ResetPasswordNewPasswordForm.swift in Sources */ = {isa = PBXBuildFile; fileRef = 84605D6A2811FA3800EC31A7 /* ResetPasswordNewPasswordForm.swift */; };
		84605D702812B69300EC31A7 /* RouterProtocol.swift in Sources */ = {isa = PBXBuildFile; fileRef = 84605D6F2812B69300EC31A7 /* RouterProtocol.swift */; };
		84605D732812BC0B00EC31A7 /* ViewModelProtocol.swift in Sources */ = {isa = PBXBuildFile; fileRef = 84605D722812BC0B00EC31A7 /* ViewModelProtocol.swift */; };
		84605D752812BE0000EC31A7 /* ViewProtocol.swift in Sources */ = {isa = PBXBuildFile; fileRef = 84605D742812BE0000EC31A7 /* ViewProtocol.swift */; };
		84605D772812BE8C00EC31A7 /* SignInRouter.swift in Sources */ = {isa = PBXBuildFile; fileRef = 84605D762812BE8C00EC31A7 /* SignInRouter.swift */; };
		84605D792812DA6F00EC31A7 /* SignInViewModel.swift in Sources */ = {isa = PBXBuildFile; fileRef = 84605D782812DA6F00EC31A7 /* SignInViewModel.swift */; };
		84605D812812E84100EC31A7 /* SignUpViewModel.swift in Sources */ = {isa = PBXBuildFile; fileRef = 84605D802812E84100EC31A7 /* SignUpViewModel.swift */; };
		84605D832812E86700EC31A7 /* SignUpRouter.swift in Sources */ = {isa = PBXBuildFile; fileRef = 84605D822812E86700EC31A7 /* SignUpRouter.swift */; };
		84605D872812E9C600EC31A7 /* SignUpView.swift in Sources */ = {isa = PBXBuildFile; fileRef = 84605D862812E9C600EC31A7 /* SignUpView.swift */; };
		84605D892812E9D200EC31A7 /* SignInView.swift in Sources */ = {isa = PBXBuildFile; fileRef = 84605D882812E9D200EC31A7 /* SignInView.swift */; };
		84605D8D2812EE7900EC31A7 /* SignInFormViewModelProtocol.swift in Sources */ = {isa = PBXBuildFile; fileRef = 84605D8C2812EE7900EC31A7 /* SignInFormViewModelProtocol.swift */; };
		84605D8F2812EE9700EC31A7 /* ResetPasswordPhoneFormViewModelProtocol.swift in Sources */ = {isa = PBXBuildFile; fileRef = 84605D8E2812EE9700EC31A7 /* ResetPasswordPhoneFormViewModelProtocol.swift */; };
		84605D912812EEA900EC31A7 /* ResetPasswordNewPasswordFormViewModelProtocol.swift in Sources */ = {isa = PBXBuildFile; fileRef = 84605D902812EEA900EC31A7 /* ResetPasswordNewPasswordFormViewModelProtocol.swift */; };
		84605D942812FD6800EC31A7 /* SignUpFormViewModelProtocol.swift in Sources */ = {isa = PBXBuildFile; fileRef = 84605D932812FD6800EC31A7 /* SignUpFormViewModelProtocol.swift */; };
		84605D972812FE6E00EC31A7 /* MFACodeFormViewModelProtocol.swift in Sources */ = {isa = PBXBuildFile; fileRef = 84605D962812FE6E00EC31A7 /* MFACodeFormViewModelProtocol.swift */; };
		84605D9A2813026C00EC31A7 /* OnboardingRouter.swift in Sources */ = {isa = PBXBuildFile; fileRef = 84605D992813026C00EC31A7 /* OnboardingRouter.swift */; };
		84605D9D281304DA00EC31A7 /* OnboardingViewModel.swift in Sources */ = {isa = PBXBuildFile; fileRef = 84605D9C281304DA00EC31A7 /* OnboardingViewModel.swift */; };
		846E074A27F2102500BC06A7 /* StatusBarStyleModifier.swift in Sources */ = {isa = PBXBuildFile; fileRef = 846E074927F2102500BC06A7 /* StatusBarStyleModifier.swift */; };
		84898DFF280E013F00187A9E /* MFACodeForm.swift in Sources */ = {isa = PBXBuildFile; fileRef = 84898DFE280E013F00187A9E /* MFACodeForm.swift */; };
		84898E01280E067700187A9E /* TextButtonStyle.swift in Sources */ = {isa = PBXBuildFile; fileRef = 84898E00280E067700187A9E /* TextButtonStyle.swift */; };
		84898E03280E188900187A9E /* ShieldPictogram.swift in Sources */ = {isa = PBXBuildFile; fileRef = 84898E02280E188800187A9E /* ShieldPictogram.swift */; };
		84898E05280E1D4B00187A9E /* MFACodeField.swift in Sources */ = {isa = PBXBuildFile; fileRef = 84898E04280E1D4B00187A9E /* MFACodeField.swift */; };
		849029E72715E50C009152CA /* RenteeApp.swift in Sources */ = {isa = PBXBuildFile; fileRef = 849029E62715E50C009152CA /* RenteeApp.swift */; };
		849029EB2715E50F009152CA /* AppIcon.xcassets in Resources */ = {isa = PBXBuildFile; fileRef = 849029EA2715E50F009152CA /* AppIcon.xcassets */; };
		84988A80280B6A7D00E902E6 /* PhoneNumberField.swift in Sources */ = {isa = PBXBuildFile; fileRef = 84988A7F280B6A7D00E902E6 /* PhoneNumberField.swift */; };
		84988A83280B6ADB00E902E6 /* RoundedCornersRectangle.swift in Sources */ = {isa = PBXBuildFile; fileRef = 84988A82280B6ADB00E902E6 /* RoundedCornersRectangle.swift */; };
		84988A85280B6B1300E902E6 /* CornerRadiusMaskModifier.swift in Sources */ = {isa = PBXBuildFile; fileRef = 84988A84280B6B1300E902E6 /* CornerRadiusMaskModifier.swift */; };
		84988A88280C2B9000E902E6 /* Corner.swift in Sources */ = {isa = PBXBuildFile; fileRef = 84988A87280C2B9000E902E6 /* Corner.swift */; };
		84C1F54427E7E10900539E1A /* UpDownWave.swift in Sources */ = {isa = PBXBuildFile; fileRef = 84C1F54327E7E10900539E1A /* UpDownWave.swift */; };
		84C1F54827E7E2FD00539E1A /* CapsulePageControl.swift in Sources */ = {isa = PBXBuildFile; fileRef = 84C1F54727E7E2FD00539E1A /* CapsulePageControl.swift */; };
		84CC08AD27F0906700BD05BA /* AuthorizationView.swift in Sources */ = {isa = PBXBuildFile; fileRef = 84CC08AC27F0906700BD05BA /* AuthorizationView.swift */; };
		84CC08AF27F0A50B00BD05BA /* NotoSans-Bold.ttf in Resources */ = {isa = PBXBuildFile; fileRef = 84CC08AE27F0A50B00BD05BA /* NotoSans-Bold.ttf */; };
		84CC08B127F0D3C500BD05BA /* NotoSans-Regular.ttf in Resources */ = {isa = PBXBuildFile; fileRef = 84CC08B027F0D3C500BD05BA /* NotoSans-Regular.ttf */; };
		84E3929827EA845600BE0436 /* BackgroundSlide.swift in Sources */ = {isa = PBXBuildFile; fileRef = 84E3929727EA845500BE0436 /* BackgroundSlide.swift */; };
		84E3929A27EA84A700BE0436 /* TabCell.swift in Sources */ = {isa = PBXBuildFile; fileRef = 84E3929927EA84A700BE0436 /* TabCell.swift */; };
		84E3929C27EA84CC00BE0436 /* AuthButtonStack.swift in Sources */ = {isa = PBXBuildFile; fileRef = 84E3929B27EA84CC00BE0436 /* AuthButtonStack.swift */; };
		84E3929E27EA863500BE0436 /* NavigationButtonStack.swift in Sources */ = {isa = PBXBuildFile; fileRef = 84E3929D27EA863500BE0436 /* NavigationButtonStack.swift */; };
		84E392A027EA86B700BE0436 /* ConditionalButtonStack.swift in Sources */ = {isa = PBXBuildFile; fileRef = 84E3929F27EA86B700BE0436 /* ConditionalButtonStack.swift */; };
		84F363592715EA9100127899 /* OnboardingView.swift in Sources */ = {isa = PBXBuildFile; fileRef = 84F363582715EA9100127899 /* OnboardingView.swift */; };
		84FB9B6F280F2BD900B95697 /* RNTCodeMFAField.swift in Sources */ = {isa = PBXBuildFile; fileRef = 84FB9B6E280F2BD900B95697 /* RNTCodeMFAField.swift */; };
		98EDB9BA47ACF80E1801042E /* libPods-Rentee.a in Frameworks */ = {isa = PBXBuildFile; fileRef = ECC47F1520FBB0875C562F76 /* libPods-Rentee.a */; };
/* End PBXBuildFile section */

/* Begin PBXFileReference section */
		840C4FB4287753820084F7FC /* SegmentedControl.swift */ = {isa = PBXFileReference; lastKnownFileType = sourcecode.swift; path = SegmentedControl.swift; sourceTree = "<group>"; };
		8429026427E3561B00A6B53D /* ActionButtonStyle.swift */ = {isa = PBXFileReference; lastKnownFileType = sourcecode.swift; path = ActionButtonStyle.swift; sourceTree = "<group>"; };
		842A8F4E28106A19008B358E /* String+localizedError.swift */ = {isa = PBXFileReference; lastKnownFileType = sourcecode.swift; path = "String+localizedError.swift"; sourceTree = "<group>"; };
		842A8F502810765D008B358E /* RNTCodeMFAFieldDelegate.swift */ = {isa = PBXFileReference; lastKnownFileType = sourcecode.swift; path = RNTCodeMFAFieldDelegate.swift; sourceTree = "<group>"; };
		842A8F5528118D30008B358E /* Pictogram.swift */ = {isa = PBXFileReference; lastKnownFileType = sourcecode.swift; path = Pictogram.swift; sourceTree = "<group>"; };
		842A8F582811D453008B358E /* SignInForm.swift */ = {isa = PBXFileReference; lastKnownFileType = sourcecode.swift; path = SignInForm.swift; sourceTree = "<group>"; };
		842A8F5A2811D4C3008B358E /* SignUpProposal.swift */ = {isa = PBXFileReference; lastKnownFileType = sourcecode.swift; path = SignUpProposal.swift; sourceTree = "<group>"; };
		842E89E227F24FF1005ABDCB /* AuthViewBackground.swift */ = {isa = PBXFileReference; lastKnownFileType = sourcecode.swift; path = AuthViewBackground.swift; sourceTree = "<group>"; };
		842E89E427F2501E005ABDCB /* AuthFormSheet.swift */ = {isa = PBXFileReference; lastKnownFileType = sourcecode.swift; path = AuthFormSheet.swift; sourceTree = "<group>"; };
		842E89E627F2503C005ABDCB /* SecureLookUpField.swift */ = {isa = PBXFileReference; lastKnownFileType = sourcecode.swift; path = SecureLookUpField.swift; sourceTree = "<group>"; };
		842E89E827F250A1005ABDCB /* DataField.swift */ = {isa = PBXFileReference; lastKnownFileType = sourcecode.swift; path = DataField.swift; sourceTree = "<group>"; };
		842E89ED27F2513C005ABDCB /* UIApplication+endEditing.swift */ = {isa = PBXFileReference; lastKnownFileType = sourcecode.swift; path = "UIApplication+endEditing.swift"; sourceTree = "<group>"; };
		842E89EF27F25750005ABDCB /* RenteeLogo.swift */ = {isa = PBXFileReference; lastKnownFileType = sourcecode.swift; path = RenteeLogo.swift; sourceTree = "<group>"; };
		842E89F127F25763005ABDCB /* SignUpForm.swift */ = {isa = PBXFileReference; lastKnownFileType = sourcecode.swift; path = SignUpForm.swift; sourceTree = "<group>"; };
		842E89F327F25820005ABDCB /* SignInProposal.swift */ = {isa = PBXFileReference; lastKnownFileType = sourcecode.swift; path = SignInProposal.swift; sourceTree = "<group>"; };
		842E89F527F34782005ABDCB /* Header.swift */ = {isa = PBXFileReference; lastKnownFileType = sourcecode.swift; path = Header.swift; sourceTree = "<group>"; };
		842E89F827F35A0C005ABDCB /* ErrorMessageModifier.swift */ = {isa = PBXFileReference; lastKnownFileType = sourcecode.swift; path = ErrorMessageModifier.swift; sourceTree = "<group>"; };
		843556ED287568EF0008264C /* HomeView.swift */ = {isa = PBXFileReference; lastKnownFileType = sourcecode.swift; path = HomeView.swift; sourceTree = "<group>"; };
		84364F492811E7490056F1B5 /* ResetPasswordPhoneForm.swift */ = {isa = PBXFileReference; lastKnownFileType = sourcecode.swift; path = ResetPasswordPhoneForm.swift; sourceTree = "<group>"; };
		84364F4B2811E9C00056F1B5 /* OperationDescription.swift */ = {isa = PBXFileReference; lastKnownFileType = sourcecode.swift; path = OperationDescription.swift; sourceTree = "<group>"; };
		8439959027174DE100BC1CCE /* Info.plist */ = {isa = PBXFileReference; lastKnownFileType = text.plist.xml; path = Info.plist; sourceTree = "<group>"; };
		8439959227174F9B00BC1CCE /* Color+HexInit.swift */ = {isa = PBXFileReference; fileEncoding = 4; lastKnownFileType = sourcecode.swift; path = "Color+HexInit.swift"; sourceTree = "<group>"; };
		8443DB322813486400E9CC39 /* AuthorizationStub.swift */ = {isa = PBXFileReference; lastKnownFileType = sourcecode.swift; path = AuthorizationStub.swift; sourceTree = "<group>"; };
		8443DB342813488A00E9CC39 /* OnboardingStub.swift */ = {isa = PBXFileReference; lastKnownFileType = sourcecode.swift; path = OnboardingStub.swift; sourceTree = "<group>"; };
		844F419F27F1DB7800EF663F /* RenteeTextFieldStyle.swift */ = {isa = PBXFileReference; lastKnownFileType = sourcecode.swift; path = RenteeTextFieldStyle.swift; sourceTree = "<group>"; };
		8451EC0527E7E77A00D8A2DE /* LaunchScreen.xcassets */ = {isa = PBXFileReference; lastKnownFileType = folder.assetcatalog; path = LaunchScreen.xcassets; sourceTree = "<group>"; };
		8451EC0827E80C1200D8A2DE /* R.generated.swift */ = {isa = PBXFileReference; fileEncoding = 4; lastKnownFileType = sourcecode.swift; path = R.generated.swift; sourceTree = SOURCE_ROOT; };
		8451EC0C27E8180A00D8A2DE /* RswiftSwiftUICompatibility.swift */ = {isa = PBXFileReference; lastKnownFileType = sourcecode.swift; path = RswiftSwiftUICompatibility.swift; sourceTree = "<group>"; };
		8451EC0E27E8193900D8A2DE /* PTSerif-Bold.ttf */ = {isa = PBXFileReference; lastKnownFileType = file; path = "PTSerif-Bold.ttf"; sourceTree = "<group>"; };
		8451EC1027E8195A00D8A2DE /* NotoSans-SemiBold.ttf */ = {isa = PBXFileReference; lastKnownFileType = file; path = "NotoSans-SemiBold.ttf"; sourceTree = "<group>"; };
		84601BEF27B8187200BC9638 /* StaticImages.xcassets */ = {isa = PBXFileReference; lastKnownFileType = folder.assetcatalog; path = StaticImages.xcassets; sourceTree = "<group>"; };
		84601BFA27B8458A00BC9638 /* OnboardingCardEntity.swift */ = {isa = PBXFileReference; lastKnownFileType = sourcecode.swift; path = OnboardingCardEntity.swift; sourceTree = "<group>"; };
		84601BFF27B8469A00BC9638 /* Stubs.swift */ = {isa = PBXFileReference; lastKnownFileType = sourcecode.swift; path = Stubs.swift; sourceTree = "<group>"; };
		84605D662811F23B00EC31A7 /* SideActionButtonStyleSizeKey.swift */ = {isa = PBXFileReference; lastKnownFileType = sourcecode.swift; path = SideActionButtonStyleSizeKey.swift; sourceTree = "<group>"; };
		84605D682811F37E00EC31A7 /* MainActionButtonStyleSizeKey.swift */ = {isa = PBXFileReference; fileEncoding = 4; lastKnownFileType = sourcecode.swift; path = MainActionButtonStyleSizeKey.swift; sourceTree = "<group>"; };
		84605D6A2811FA3800EC31A7 /* ResetPasswordNewPasswordForm.swift */ = {isa = PBXFileReference; lastKnownFileType = sourcecode.swift; path = ResetPasswordNewPasswordForm.swift; sourceTree = "<group>"; };
		84605D6F2812B69300EC31A7 /* RouterProtocol.swift */ = {isa = PBXFileReference; lastKnownFileType = sourcecode.swift; path = RouterProtocol.swift; sourceTree = "<group>"; };
		84605D722812BC0B00EC31A7 /* ViewModelProtocol.swift */ = {isa = PBXFileReference; lastKnownFileType = sourcecode.swift; path = ViewModelProtocol.swift; sourceTree = "<group>"; };
		84605D742812BE0000EC31A7 /* ViewProtocol.swift */ = {isa = PBXFileReference; lastKnownFileType = sourcecode.swift; path = ViewProtocol.swift; sourceTree = "<group>"; };
		84605D762812BE8C00EC31A7 /* SignInRouter.swift */ = {isa = PBXFileReference; lastKnownFileType = sourcecode.swift; path = SignInRouter.swift; sourceTree = "<group>"; };
		84605D782812DA6F00EC31A7 /* SignInViewModel.swift */ = {isa = PBXFileReference; lastKnownFileType = sourcecode.swift; path = SignInViewModel.swift; sourceTree = "<group>"; };
		84605D802812E84100EC31A7 /* SignUpViewModel.swift */ = {isa = PBXFileReference; lastKnownFileType = sourcecode.swift; path = SignUpViewModel.swift; sourceTree = "<group>"; };
		84605D822812E86700EC31A7 /* SignUpRouter.swift */ = {isa = PBXFileReference; lastKnownFileType = sourcecode.swift; path = SignUpRouter.swift; sourceTree = "<group>"; };
		84605D862812E9C600EC31A7 /* SignUpView.swift */ = {isa = PBXFileReference; lastKnownFileType = sourcecode.swift; path = SignUpView.swift; sourceTree = "<group>"; };
		84605D882812E9D200EC31A7 /* SignInView.swift */ = {isa = PBXFileReference; lastKnownFileType = sourcecode.swift; path = SignInView.swift; sourceTree = "<group>"; };
		84605D8C2812EE7900EC31A7 /* SignInFormViewModelProtocol.swift */ = {isa = PBXFileReference; lastKnownFileType = sourcecode.swift; path = SignInFormViewModelProtocol.swift; sourceTree = "<group>"; };
		84605D8E2812EE9700EC31A7 /* ResetPasswordPhoneFormViewModelProtocol.swift */ = {isa = PBXFileReference; lastKnownFileType = sourcecode.swift; path = ResetPasswordPhoneFormViewModelProtocol.swift; sourceTree = "<group>"; };
		84605D902812EEA900EC31A7 /* ResetPasswordNewPasswordFormViewModelProtocol.swift */ = {isa = PBXFileReference; lastKnownFileType = sourcecode.swift; path = ResetPasswordNewPasswordFormViewModelProtocol.swift; sourceTree = "<group>"; };
		84605D932812FD6800EC31A7 /* SignUpFormViewModelProtocol.swift */ = {isa = PBXFileReference; lastKnownFileType = sourcecode.swift; path = SignUpFormViewModelProtocol.swift; sourceTree = "<group>"; };
		84605D962812FE6E00EC31A7 /* MFACodeFormViewModelProtocol.swift */ = {isa = PBXFileReference; lastKnownFileType = sourcecode.swift; path = MFACodeFormViewModelProtocol.swift; sourceTree = "<group>"; };
		84605D992813026C00EC31A7 /* OnboardingRouter.swift */ = {isa = PBXFileReference; lastKnownFileType = sourcecode.swift; path = OnboardingRouter.swift; sourceTree = "<group>"; };
		84605D9C281304DA00EC31A7 /* OnboardingViewModel.swift */ = {isa = PBXFileReference; lastKnownFileType = sourcecode.swift; path = OnboardingViewModel.swift; sourceTree = "<group>"; };
		846E074927F2102500BC06A7 /* StatusBarStyleModifier.swift */ = {isa = PBXFileReference; lastKnownFileType = sourcecode.swift; path = StatusBarStyleModifier.swift; sourceTree = "<group>"; };
		84898DFE280E013F00187A9E /* MFACodeForm.swift */ = {isa = PBXFileReference; lastKnownFileType = sourcecode.swift; path = MFACodeForm.swift; sourceTree = "<group>"; };
		84898E00280E067700187A9E /* TextButtonStyle.swift */ = {isa = PBXFileReference; lastKnownFileType = sourcecode.swift; path = TextButtonStyle.swift; sourceTree = "<group>"; };
		84898E02280E188800187A9E /* ShieldPictogram.swift */ = {isa = PBXFileReference; lastKnownFileType = sourcecode.swift; path = ShieldPictogram.swift; sourceTree = "<group>"; };
		84898E04280E1D4B00187A9E /* MFACodeField.swift */ = {isa = PBXFileReference; lastKnownFileType = sourcecode.swift; path = MFACodeField.swift; sourceTree = "<group>"; };
		849029E32715E50C009152CA /* Rentee.app */ = {isa = PBXFileReference; explicitFileType = wrapper.application; includeInIndex = 0; path = Rentee.app; sourceTree = BUILT_PRODUCTS_DIR; };
		849029E62715E50C009152CA /* RenteeApp.swift */ = {isa = PBXFileReference; lastKnownFileType = sourcecode.swift; path = RenteeApp.swift; sourceTree = "<group>"; };
		849029EA2715E50F009152CA /* AppIcon.xcassets */ = {isa = PBXFileReference; lastKnownFileType = folder.assetcatalog; path = AppIcon.xcassets; sourceTree = "<group>"; };
		84988A7F280B6A7D00E902E6 /* PhoneNumberField.swift */ = {isa = PBXFileReference; lastKnownFileType = sourcecode.swift; path = PhoneNumberField.swift; sourceTree = "<group>"; };
		84988A82280B6ADB00E902E6 /* RoundedCornersRectangle.swift */ = {isa = PBXFileReference; lastKnownFileType = sourcecode.swift; path = RoundedCornersRectangle.swift; sourceTree = "<group>"; };
		84988A84280B6B1300E902E6 /* CornerRadiusMaskModifier.swift */ = {isa = PBXFileReference; lastKnownFileType = sourcecode.swift; path = CornerRadiusMaskModifier.swift; sourceTree = "<group>"; };
		84988A87280C2B9000E902E6 /* Corner.swift */ = {isa = PBXFileReference; lastKnownFileType = sourcecode.swift; path = Corner.swift; sourceTree = "<group>"; };
		84C1F54327E7E10900539E1A /* UpDownWave.swift */ = {isa = PBXFileReference; lastKnownFileType = sourcecode.swift; path = UpDownWave.swift; sourceTree = "<group>"; };
		84C1F54727E7E2FD00539E1A /* CapsulePageControl.swift */ = {isa = PBXFileReference; lastKnownFileType = sourcecode.swift; path = CapsulePageControl.swift; sourceTree = "<group>"; };
		84CC08AC27F0906700BD05BA /* AuthorizationView.swift */ = {isa = PBXFileReference; lastKnownFileType = sourcecode.swift; path = AuthorizationView.swift; sourceTree = "<group>"; };
		84CC08AE27F0A50B00BD05BA /* NotoSans-Bold.ttf */ = {isa = PBXFileReference; lastKnownFileType = file; path = "NotoSans-Bold.ttf"; sourceTree = "<group>"; };
		84CC08B027F0D3C500BD05BA /* NotoSans-Regular.ttf */ = {isa = PBXFileReference; lastKnownFileType = file; path = "NotoSans-Regular.ttf"; sourceTree = "<group>"; };
		84E3929727EA845500BE0436 /* BackgroundSlide.swift */ = {isa = PBXFileReference; lastKnownFileType = sourcecode.swift; path = BackgroundSlide.swift; sourceTree = "<group>"; };
		84E3929927EA84A700BE0436 /* TabCell.swift */ = {isa = PBXFileReference; lastKnownFileType = sourcecode.swift; path = TabCell.swift; sourceTree = "<group>"; };
		84E3929B27EA84CC00BE0436 /* AuthButtonStack.swift */ = {isa = PBXFileReference; lastKnownFileType = sourcecode.swift; path = AuthButtonStack.swift; sourceTree = "<group>"; };
		84E3929D27EA863500BE0436 /* NavigationButtonStack.swift */ = {isa = PBXFileReference; lastKnownFileType = sourcecode.swift; path = NavigationButtonStack.swift; sourceTree = "<group>"; };
		84E3929F27EA86B700BE0436 /* ConditionalButtonStack.swift */ = {isa = PBXFileReference; lastKnownFileType = sourcecode.swift; path = ConditionalButtonStack.swift; sourceTree = "<group>"; };
		84F363582715EA9100127899 /* OnboardingView.swift */ = {isa = PBXFileReference; lastKnownFileType = sourcecode.swift; path = OnboardingView.swift; sourceTree = "<group>"; };
		84FB9B6E280F2BD900B95697 /* RNTCodeMFAField.swift */ = {isa = PBXFileReference; lastKnownFileType = sourcecode.swift; path = RNTCodeMFAField.swift; sourceTree = "<group>"; };
		8D216C28A8265FB860EE7656 /* Pods-Rentee.release.xcconfig */ = {isa = PBXFileReference; includeInIndex = 1; lastKnownFileType = text.xcconfig; name = "Pods-Rentee.release.xcconfig"; path = "Target Support Files/Pods-Rentee/Pods-Rentee.release.xcconfig"; sourceTree = "<group>"; };
		A9904154E27491F5A8999385 /* Pods-Rentee.debug.xcconfig */ = {isa = PBXFileReference; includeInIndex = 1; lastKnownFileType = text.xcconfig; name = "Pods-Rentee.debug.xcconfig"; path = "Target Support Files/Pods-Rentee/Pods-Rentee.debug.xcconfig"; sourceTree = "<group>"; };
		ECC47F1520FBB0875C562F76 /* libPods-Rentee.a */ = {isa = PBXFileReference; explicitFileType = archive.ar; includeInIndex = 0; path = "libPods-Rentee.a"; sourceTree = BUILT_PRODUCTS_DIR; };
/* End PBXFileReference section */

/* Begin PBXFrameworksBuildPhase section */
		849029E02715E50C009152CA /* Frameworks */ = {
			isa = PBXFrameworksBuildPhase;
			buildActionMask = 2147483647;
			files = (
				98EDB9BA47ACF80E1801042E /* libPods-Rentee.a in Frameworks */,
			);
			runOnlyForDeploymentPostprocessing = 0;
		};
/* End PBXFrameworksBuildPhase section */

/* Begin PBXGroup section */
		2E89F05EF25E4570FC18D1BC /* Frameworks */ = {
			isa = PBXGroup;
			children = (
				ECC47F1520FBB0875C562F76 /* libPods-Rentee.a */,
			);
			name = Frameworks;
			sourceTree = "<group>";
		};
		3D3E4DE2198D421AEE6F43E5 /* Pods */ = {
			isa = PBXGroup;
			children = (
				A9904154E27491F5A8999385 /* Pods-Rentee.debug.xcconfig */,
				8D216C28A8265FB860EE7656 /* Pods-Rentee.release.xcconfig */,
			);
			path = Pods;
			sourceTree = "<group>";
		};
		8429024927E2064800A6B53D /* Styles */ = {
			isa = PBXGroup;
			children = (
				8429026427E3561B00A6B53D /* ActionButtonStyle.swift */,
				84898E00280E067700187A9E /* TextButtonStyle.swift */,
				844F419F27F1DB7800EF663F /* RenteeTextFieldStyle.swift */,
			);
			path = Styles;
			sourceTree = "<group>";
		};
		842A8F52281185DB008B358E /* Forms */ = {
			isa = PBXGroup;
			children = (
				842E89F127F25763005ABDCB /* SignUpForm.swift */,
				842A8F582811D453008B358E /* SignInForm.swift */,
				84364F492811E7490056F1B5 /* ResetPasswordPhoneForm.swift */,
				84605D6A2811FA3800EC31A7 /* ResetPasswordNewPasswordForm.swift */,
				84898DFE280E013F00187A9E /* MFACodeForm.swift */,
			);
			path = Forms;
			sourceTree = "<group>";
		};
		842A8F532811860A008B358E /* Fields */ = {
			isa = PBXGroup;
			children = (
				842A8F5428118615008B358E /* UIKitBacked */,
				84898E04280E1D4B00187A9E /* MFACodeField.swift */,
			);
			path = Fields;
			sourceTree = "<group>";
		};
		842A8F5428118615008B358E /* UIKitBacked */ = {
			isa = PBXGroup;
			children = (
				84FB9B6E280F2BD900B95697 /* RNTCodeMFAField.swift */,
				842A8F502810765D008B358E /* RNTCodeMFAFieldDelegate.swift */,
			);
			path = UIKitBacked;
			sourceTree = "<group>";
		};
		842A8F5728118DA6008B358E /* Pictograms */ = {
			isa = PBXGroup;
			children = (
				842A8F5528118D30008B358E /* Pictogram.swift */,
				842E89EF27F25750005ABDCB /* RenteeLogo.swift */,
				84898E02280E188800187A9E /* ShieldPictogram.swift */,
			);
			path = Pictograms;
			sourceTree = "<group>";
		};
		843556EC287568D10008264C /* Views */ = {
			isa = PBXGroup;
			children = (
				843556ED287568EF0008264C /* HomeView.swift */,
			);
			path = Views;
			sourceTree = "<group>";
		};
		84364F4D2811F18C0056F1B5 /* Environments */ = {
			isa = PBXGroup;
			children = (
				84605D682811F37E00EC31A7 /* MainActionButtonStyleSizeKey.swift */,
				84605D662811F23B00EC31A7 /* SideActionButtonStyleSizeKey.swift */,
			);
			path = Environments;
			sourceTree = "<group>";
		};
		8439959127174F8D00BC1CCE /* Extensions */ = {
			isa = PBXGroup;
			children = (
				8439959227174F9B00BC1CCE /* Color+HexInit.swift */,
				842E89ED27F2513C005ABDCB /* UIApplication+endEditing.swift */,
				842A8F4E28106A19008B358E /* String+localizedError.swift */,
			);
			path = Extensions;
			sourceTree = "<group>";
		};
		8443DB2B28133F7600E9CC39 /* Flows */ = {
			isa = PBXGroup;
			children = (
				8443DB2C28133F7900E9CC39 /* SignUp */,
				8443DB2D28133F7E00E9CC39 /* SignIn */,
			);
			path = Flows;
			sourceTree = "<group>";
		};
		8443DB2C28133F7900E9CC39 /* SignUp */ = {
			isa = PBXGroup;
			children = (
				84605D862812E9C600EC31A7 /* SignUpView.swift */,
				842E89F327F25820005ABDCB /* SignInProposal.swift */,
			);
			path = SignUp;
			sourceTree = "<group>";
		};
		8443DB2D28133F7E00E9CC39 /* SignIn */ = {
			isa = PBXGroup;
			children = (
				84605D882812E9D200EC31A7 /* SignInView.swift */,
				842A8F5A2811D4C3008B358E /* SignUpProposal.swift */,
			);
			path = SignIn;
			sourceTree = "<group>";
		};
		8451EC0A27E8161700D8A2DE /* NotoSans */ = {
			isa = PBXGroup;
			children = (
				84CC08B027F0D3C500BD05BA /* NotoSans-Regular.ttf */,
				8451EC1027E8195A00D8A2DE /* NotoSans-SemiBold.ttf */,
				84CC08AE27F0A50B00BD05BA /* NotoSans-Bold.ttf */,
			);
			path = NotoSans;
			sourceTree = "<group>";
		};
		8451EC0B27E8166B00D8A2DE /* PTSerif */ = {
			isa = PBXGroup;
			children = (
				8451EC0E27E8193900D8A2DE /* PTSerif-Bold.ttf */,
			);
			path = PTSerif;
			sourceTree = "<group>";
		};
		84601BF827B8456A00BC9638 /* Models */ = {
			isa = PBXGroup;
			children = (
				84601BFC27B8466800BC9638 /* Dummy */,
				84601BF927B8456E00BC9638 /* Entities */,
			);
			path = Models;
			sourceTree = "<group>";
		};
		84601BF927B8456E00BC9638 /* Entities */ = {
			isa = PBXGroup;
			children = (
				84601BFA27B8458A00BC9638 /* OnboardingCardEntity.swift */,
			);
			path = Entities;
			sourceTree = "<group>";
		};
		84601BFC27B8466800BC9638 /* Dummy */ = {
			isa = PBXGroup;
			children = (
				84601BFF27B8469A00BC9638 /* Stubs.swift */,
				8443DB342813488A00E9CC39 /* OnboardingStub.swift */,
				8443DB322813486400E9CC39 /* AuthorizationStub.swift */,
			);
			path = Dummy;
			sourceTree = "<group>";
		};
		8467EB4228187C46003B0144 /* Modules */ = {
			isa = PBXGroup;
			children = (
				8467EB4328187C4B003B0144 /* Onboarding */,
				8467EB4428187C50003B0144 /* Authorization */,
				84FFA4FA281C4EA40076373A /* Home */,
			);
			path = Modules;
			sourceTree = "<group>";
		};
		8467EB4328187C4B003B0144 /* Onboarding */ = {
			isa = PBXGroup;
			children = (
				8467EB4628187C59003B0144 /* Views */,
				84605D992813026C00EC31A7 /* OnboardingRouter.swift */,
				84605D9C281304DA00EC31A7 /* OnboardingViewModel.swift */,
			);
			path = Onboarding;
			sourceTree = "<group>";
		};
		8467EB4428187C50003B0144 /* Authorization */ = {
			isa = PBXGroup;
			children = (
				8467EB4B28187D64003B0144 /* Protocols */,
				8467EB4528187C57003B0144 /* Views */,
				84605D822812E86700EC31A7 /* SignUpRouter.swift */,
				84605D802812E84100EC31A7 /* SignUpViewModel.swift */,
				84605D762812BE8C00EC31A7 /* SignInRouter.swift */,
				84605D782812DA6F00EC31A7 /* SignInViewModel.swift */,
			);
			path = Authorization;
			sourceTree = "<group>";
		};
		8467EB4528187C57003B0144 /* Views */ = {
			isa = PBXGroup;
			children = (
				8443DB2B28133F7600E9CC39 /* Flows */,
				842A8F52281185DB008B358E /* Forms */,
				842A8F532811860A008B358E /* Fields */,
				842A8F5728118DA6008B358E /* Pictograms */,
				84CC08AC27F0906700BD05BA /* AuthorizationView.swift */,
				84364F4B2811E9C00056F1B5 /* OperationDescription.swift */,
				842E89E227F24FF1005ABDCB /* AuthViewBackground.swift */,
				842E89E427F2501E005ABDCB /* AuthFormSheet.swift */,
			);
			path = Views;
			sourceTree = "<group>";
		};
		8467EB4628187C59003B0144 /* Views */ = {
			isa = PBXGroup;
			children = (
				84E3929627EA844200BE0436 /* Transitions */,
				84C1F54527E7E2DD00539E1A /* CustomViews */,
				84F363582715EA9100127899 /* OnboardingView.swift */,
				84E3929927EA84A700BE0436 /* TabCell.swift */,
				84E3929F27EA86B700BE0436 /* ConditionalButtonStack.swift */,
				84E3929D27EA863500BE0436 /* NavigationButtonStack.swift */,
				84E3929B27EA84CC00BE0436 /* AuthButtonStack.swift */,
			);
			path = Views;
			sourceTree = "<group>";
		};
		8467EB4728187CA2003B0144 /* Views */ = {
			isa = PBXGroup;
			children = (
				842E89F527F34782005ABDCB /* Header.swift */,
				842E89E827F250A1005ABDCB /* DataField.swift */,
				842E89E627F2503C005ABDCB /* SecureLookUpField.swift */,
				84988A7F280B6A7D00E902E6 /* PhoneNumberField.swift */,
				840C4FB4287753820084F7FC /* SegmentedControl.swift */,
			);
			path = Views;
			sourceTree = "<group>";
		};
		8467EB4B28187D64003B0144 /* Protocols */ = {
			isa = PBXGroup;
			children = (
				84605D932812FD6800EC31A7 /* SignUpFormViewModelProtocol.swift */,
				84605D8C2812EE7900EC31A7 /* SignInFormViewModelProtocol.swift */,
				84605D8E2812EE9700EC31A7 /* ResetPasswordPhoneFormViewModelProtocol.swift */,
				84605D902812EEA900EC31A7 /* ResetPasswordNewPasswordFormViewModelProtocol.swift */,
				84605D962812FE6E00EC31A7 /* MFACodeFormViewModelProtocol.swift */,
			);
			path = Protocols;
			sourceTree = "<group>";
		};
		846E074827F20FF900BC06A7 /* Modifiers */ = {
			isa = PBXGroup;
			children = (
				846E074927F2102500BC06A7 /* StatusBarStyleModifier.swift */,
				842E89F827F35A0C005ABDCB /* ErrorMessageModifier.swift */,
				84988A84280B6B1300E902E6 /* CornerRadiusMaskModifier.swift */,
			);
			path = Modifiers;
			sourceTree = "<group>";
		};
		849029DA2715E50C009152CA = {
			isa = PBXGroup;
			children = (
				849029E52715E50C009152CA /* Rentee */,
				849029E42715E50C009152CA /* Products */,
				3D3E4DE2198D421AEE6F43E5 /* Pods */,
				2E89F05EF25E4570FC18D1BC /* Frameworks */,
			);
			sourceTree = "<group>";
		};
		849029E42715E50C009152CA /* Products */ = {
			isa = PBXGroup;
			children = (
				849029E32715E50C009152CA /* Rentee.app */,
			);
			name = Products;
			sourceTree = "<group>";
		};
		849029E52715E50C009152CA /* Rentee */ = {
			isa = PBXGroup;
			children = (
				8439959027174DE100BC1CCE /* Info.plist */,
				849029E62715E50C009152CA /* RenteeApp.swift */,
				84E3929427EA83FE00BE0436 /* Shared */,
				84601BF827B8456A00BC9638 /* Models */,
				8467EB4228187C46003B0144 /* Modules */,
				8439959127174F8D00BC1CCE /* Extensions */,
				84F3635A271745D100127899 /* Resources */,
			);
			path = Rentee;
			sourceTree = "<group>";
		};
		84988A81280B6AC700E902E6 /* Shapes */ = {
			isa = PBXGroup;
			children = (
				84988A82280B6ADB00E902E6 /* RoundedCornersRectangle.swift */,
				84C1F54327E7E10900539E1A /* UpDownWave.swift */,
			);
			path = Shapes;
			sourceTree = "<group>";
		};
		84988A86280C2B8900E902E6 /* Enums */ = {
			isa = PBXGroup;
			children = (
				84988A87280C2B9000E902E6 /* Corner.swift */,
			);
			path = Enums;
			sourceTree = "<group>";
		};
		84C1F54527E7E2DD00539E1A /* CustomViews */ = {
			isa = PBXGroup;
			children = (
				84C1F54727E7E2FD00539E1A /* CapsulePageControl.swift */,
			);
			path = CustomViews;
			sourceTree = "<group>";
		};
		84E3929427EA83FE00BE0436 /* Shared */ = {
			isa = PBXGroup;
			children = (
				84FFA4F9281C4BEC0076373A /* Protocols */,
				84364F4D2811F18C0056F1B5 /* Environments */,
				84988A86280C2B8900E902E6 /* Enums */,
				84988A81280B6AC700E902E6 /* Shapes */,
				846E074827F20FF900BC06A7 /* Modifiers */,
				8429024927E2064800A6B53D /* Styles */,
				8467EB4728187CA2003B0144 /* Views */,
			);
			path = Shared;
			sourceTree = "<group>";
		};
		84E3929627EA844200BE0436 /* Transitions */ = {
			isa = PBXGroup;
			children = (
				84E3929727EA845500BE0436 /* BackgroundSlide.swift */,
			);
			path = Transitions;
			sourceTree = "<group>";
		};
		84F363572715E5E600127899 /* Assets */ = {
			isa = PBXGroup;
			children = (
				849029EA2715E50F009152CA /* AppIcon.xcassets */,
				84601BEF27B8187200BC9638 /* StaticImages.xcassets */,
				8451EC0527E7E77A00D8A2DE /* LaunchScreen.xcassets */,
			);
			path = Assets;
			sourceTree = "<group>";
		};
		84F3635A271745D100127899 /* Resources */ = {
			isa = PBXGroup;
			children = (
				8451EC0827E80C1200D8A2DE /* R.generated.swift */,
				8451EC0C27E8180A00D8A2DE /* RswiftSwiftUICompatibility.swift */,
				84F3635B271745DA00127899 /* Fonts */,
				84F363572715E5E600127899 /* Assets */,
			);
			path = Resources;
			sourceTree = "<group>";
		};
		84F3635B271745DA00127899 /* Fonts */ = {
			isa = PBXGroup;
			children = (
				8451EC0A27E8161700D8A2DE /* NotoSans */,
				8451EC0B27E8166B00D8A2DE /* PTSerif */,
			);
			path = Fonts;
			sourceTree = "<group>";
		};
		84FFA4F9281C4BEC0076373A /* Protocols */ = {
			isa = PBXGroup;
			children = (
				84605D722812BC0B00EC31A7 /* ViewModelProtocol.swift */,
				84605D6F2812B69300EC31A7 /* RouterProtocol.swift */,
				84605D742812BE0000EC31A7 /* ViewProtocol.swift */,
			);
			path = Protocols;
			sourceTree = "<group>";
		};
		84FFA4FA281C4EA40076373A /* Home */ = {
			isa = PBXGroup;
			children = (
				843556EC287568D10008264C /* Views */,
			);
			path = Home;
			sourceTree = "<group>";
		};
/* End PBXGroup section */

/* Begin PBXNativeTarget section */
		849029E22715E50C009152CA /* Rentee */ = {
			isa = PBXNativeTarget;
			buildConfigurationList = 849029F12715E50F009152CA /* Build configuration list for PBXNativeTarget "Rentee" */;
			buildPhases = (
				6F17D0BBA341B851AFD25DB1 /* [CP] Check Pods Manifest.lock */,
				8451EC0727E80B7D00D8A2DE /* R.swift */,
				849029DF2715E50C009152CA /* Sources */,
				849029E02715E50C009152CA /* Frameworks */,
				849029E12715E50C009152CA /* Resources */,
				849E7ED327EF85FE0022875B /* SwiftLint */,
			);
			buildRules = (
			);
			dependencies = (
			);
			name = Rentee;
			productName = Rentee;
			productReference = 849029E32715E50C009152CA /* Rentee.app */;
			productType = "com.apple.product-type.application";
		};
/* End PBXNativeTarget section */

/* Begin PBXProject section */
		849029DB2715E50C009152CA /* Project object */ = {
			isa = PBXProject;
			attributes = {
				BuildIndependentTargetsInParallel = 1;
				LastSwiftUpdateCheck = 1300;
				LastUpgradeCheck = 1300;
				TargetAttributes = {
					849029E22715E50C009152CA = {
						CreatedOnToolsVersion = 13.0;
					};
				};
			};
			buildConfigurationList = 849029DE2715E50C009152CA /* Build configuration list for PBXProject "Rentee" */;
			compatibilityVersion = "Xcode 13.0";
			developmentRegion = en;
			hasScannedForEncodings = 0;
			knownRegions = (
				en,
				Base,
			);
			mainGroup = 849029DA2715E50C009152CA;
			productRefGroup = 849029E42715E50C009152CA /* Products */;
			projectDirPath = "";
			projectRoot = "";
			targets = (
				849029E22715E50C009152CA /* Rentee */,
			);
		};
/* End PBXProject section */

/* Begin PBXResourcesBuildPhase section */
		849029E12715E50C009152CA /* Resources */ = {
			isa = PBXResourcesBuildPhase;
			buildActionMask = 2147483647;
			files = (
				84CC08B127F0D3C500BD05BA /* NotoSans-Regular.ttf in Resources */,
				84CC08AF27F0A50B00BD05BA /* NotoSans-Bold.ttf in Resources */,
				849029EB2715E50F009152CA /* AppIcon.xcassets in Resources */,
				8451EC0627E7E77A00D8A2DE /* LaunchScreen.xcassets in Resources */,
				8451EC1127E8196200D8A2DE /* NotoSans-SemiBold.ttf in Resources */,
				8451EC1227E8196500D8A2DE /* PTSerif-Bold.ttf in Resources */,
				84601BF027B8187200BC9638 /* StaticImages.xcassets in Resources */,
			);
			runOnlyForDeploymentPostprocessing = 0;
		};
/* End PBXResourcesBuildPhase section */

/* Begin PBXShellScriptBuildPhase section */
		6F17D0BBA341B851AFD25DB1 /* [CP] Check Pods Manifest.lock */ = {
			isa = PBXShellScriptBuildPhase;
			buildActionMask = 2147483647;
			files = (
			);
			inputFileListPaths = (
			);
			inputPaths = (
				"${PODS_PODFILE_DIR_PATH}/Podfile.lock",
				"${PODS_ROOT}/Manifest.lock",
			);
			name = "[CP] Check Pods Manifest.lock";
			outputFileListPaths = (
			);
			outputPaths = (
				"$(DERIVED_FILE_DIR)/Pods-Rentee-checkManifestLockResult.txt",
			);
			runOnlyForDeploymentPostprocessing = 0;
			shellPath = /bin/sh;
			shellScript = "diff \"${PODS_PODFILE_DIR_PATH}/Podfile.lock\" \"${PODS_ROOT}/Manifest.lock\" > /dev/null\nif [ $? != 0 ] ; then\n    # print error to STDERR\n    echo \"error: The sandbox is not in sync with the Podfile.lock. Run 'pod install' or update your CocoaPods installation.\" >&2\n    exit 1\nfi\n# This output is used by Xcode 'outputs' to avoid re-running this script phase.\necho \"SUCCESS\" > \"${SCRIPT_OUTPUT_FILE_0}\"\n";
			showEnvVarsInLog = 0;
		};
		8451EC0727E80B7D00D8A2DE /* R.swift */ = {
			isa = PBXShellScriptBuildPhase;
			alwaysOutOfDate = 1;
			buildActionMask = 2147483647;
			files = (
			);
			inputFileListPaths = (
			);
			inputPaths = (
			);
			name = R.swift;
			outputFileListPaths = (
			);
			outputPaths = (
				" $SRCROOT/R.generated.swift",
			);
			runOnlyForDeploymentPostprocessing = 0;
			shellPath = /bin/sh;
			shellScript = "\"$PODS_ROOT/R.swift/rswift\" generate \"$SRCROOT/R.generated.swift\"\n";
		};
		849E7ED327EF85FE0022875B /* SwiftLint */ = {
			isa = PBXShellScriptBuildPhase;
			buildActionMask = 2147483647;
			files = (
			);
			inputFileListPaths = (
			);
			inputPaths = (
			);
			name = SwiftLint;
			outputFileListPaths = (
			);
			outputPaths = (
			);
			runOnlyForDeploymentPostprocessing = 0;
			shellPath = /bin/sh;
			shellScript = "\"${PODS_ROOT}/SwiftLint/swiftlint\"\n";
		};
/* End PBXShellScriptBuildPhase section */

/* Begin PBXSourcesBuildPhase section */
		849029DF2715E50C009152CA /* Sources */ = {
			isa = PBXSourcesBuildPhase;
			buildActionMask = 2147483647;
			files = (
				84605D832812E86700EC31A7 /* SignUpRouter.swift in Sources */,
				8443DB332813486400E9CC39 /* AuthorizationStub.swift in Sources */,
				84605D672811F23B00EC31A7 /* SideActionButtonStyleSizeKey.swift in Sources */,
				84605D972812FE6E00EC31A7 /* MFACodeFormViewModelProtocol.swift in Sources */,
				842E89E327F24FF1005ABDCB /* AuthViewBackground.swift in Sources */,
				84898DFF280E013F00187A9E /* MFACodeForm.swift in Sources */,
				846E074A27F2102500BC06A7 /* StatusBarStyleModifier.swift in Sources */,
				84605D792812DA6F00EC31A7 /* SignInViewModel.swift in Sources */,
				84E3929E27EA863500BE0436 /* NavigationButtonStack.swift in Sources */,
				84E3929C27EA84CC00BE0436 /* AuthButtonStack.swift in Sources */,
				84605D812812E84100EC31A7 /* SignUpViewModel.swift in Sources */,
				84605D8D2812EE7900EC31A7 /* SignInFormViewModelProtocol.swift in Sources */,
				849029E72715E50C009152CA /* RenteeApp.swift in Sources */,
				84605D702812B69300EC31A7 /* RouterProtocol.swift in Sources */,
				84605D912812EEA900EC31A7 /* ResetPasswordNewPasswordFormViewModelProtocol.swift in Sources */,
				84898E01280E067700187A9E /* TextButtonStyle.swift in Sources */,
				842E89F427F25820005ABDCB /* SignInProposal.swift in Sources */,
				84605D6B2811FA3800EC31A7 /* ResetPasswordNewPasswordForm.swift in Sources */,
				84605D732812BC0B00EC31A7 /* ViewModelProtocol.swift in Sources */,
				84C1F54827E7E2FD00539E1A /* CapsulePageControl.swift in Sources */,
				84605D872812E9C600EC31A7 /* SignUpView.swift in Sources */,
				842E89E727F2503C005ABDCB /* SecureLookUpField.swift in Sources */,
				84364F4A2811E7490056F1B5 /* ResetPasswordPhoneForm.swift in Sources */,
				8451EC0927E80C1300D8A2DE /* R.generated.swift in Sources */,
				84605D752812BE0000EC31A7 /* ViewProtocol.swift in Sources */,
				84F363592715EA9100127899 /* OnboardingView.swift in Sources */,
				84605D892812E9D200EC31A7 /* SignInView.swift in Sources */,
				843556EE287568EF0008264C /* HomeView.swift in Sources */,
				842E89F627F34782005ABDCB /* Header.swift in Sources */,
				842A8F5B2811D4C3008B358E /* SignUpProposal.swift in Sources */,
				8451EC0D27E8180A00D8A2DE /* RswiftSwiftUICompatibility.swift in Sources */,
				842E89F227F25763005ABDCB /* SignUpForm.swift in Sources */,
				84601BFB27B8458A00BC9638 /* OnboardingCardEntity.swift in Sources */,
				842E89E527F2501E005ABDCB /* AuthFormSheet.swift in Sources */,
				84FB9B6F280F2BD900B95697 /* RNTCodeMFAField.swift in Sources */,
				840C4FB5287753820084F7FC /* SegmentedControl.swift in Sources */,
				84898E03280E188900187A9E /* ShieldPictogram.swift in Sources */,
				84605D772812BE8C00EC31A7 /* SignInRouter.swift in Sources */,
				8429026527E3561B00A6B53D /* ActionButtonStyle.swift in Sources */,
				84988A88280C2B9000E902E6 /* Corner.swift in Sources */,
				842A8F4F28106A19008B358E /* String+localizedError.swift in Sources */,
				842E89EE27F2513C005ABDCB /* UIApplication+endEditing.swift in Sources */,
				8439959327174F9B00BC1CCE /* Color+HexInit.swift in Sources */,
				84605D9D281304DA00EC31A7 /* OnboardingViewModel.swift in Sources */,
				842A8F5628118D30008B358E /* Pictogram.swift in Sources */,
				842E89F027F25750005ABDCB /* RenteeLogo.swift in Sources */,
				842E89F927F35A0C005ABDCB /* ErrorMessageModifier.swift in Sources */,
				84898E05280E1D4B00187A9E /* MFACodeField.swift in Sources */,
				84364F4C2811E9C00056F1B5 /* OperationDescription.swift in Sources */,
				842E89E927F250A1005ABDCB /* DataField.swift in Sources */,
				844F41A027F1DB7900EF663F /* RenteeTextFieldStyle.swift in Sources */,
				84E392A027EA86B700BE0436 /* ConditionalButtonStack.swift in Sources */,
				84605D8F2812EE9700EC31A7 /* ResetPasswordPhoneFormViewModelProtocol.swift in Sources */,
				84988A83280B6ADB00E902E6 /* RoundedCornersRectangle.swift in Sources */,
				84988A85280B6B1300E902E6 /* CornerRadiusMaskModifier.swift in Sources */,
				84605D942812FD6800EC31A7 /* SignUpFormViewModelProtocol.swift in Sources */,
				8443DB352813488A00E9CC39 /* OnboardingStub.swift in Sources */,
				84C1F54427E7E10900539E1A /* UpDownWave.swift in Sources */,
				842A8F592811D453008B358E /* SignInForm.swift in Sources */,
				84601C0027B8469A00BC9638 /* Stubs.swift in Sources */,
				84605D9A2813026C00EC31A7 /* OnboardingRouter.swift in Sources */,
				842A8F512810765D008B358E /* RNTCodeMFAFieldDelegate.swift in Sources */,
				84988A80280B6A7D00E902E6 /* PhoneNumberField.swift in Sources */,
				84E3929827EA845600BE0436 /* BackgroundSlide.swift in Sources */,
				84605D692811F37E00EC31A7 /* MainActionButtonStyleSizeKey.swift in Sources */,
				84CC08AD27F0906700BD05BA /* AuthorizationView.swift in Sources */,
				84E3929A27EA84A700BE0436 /* TabCell.swift in Sources */,
			);
			runOnlyForDeploymentPostprocessing = 0;
		};
/* End PBXSourcesBuildPhase section */

/* Begin XCBuildConfiguration section */
		849029EF2715E50F009152CA /* Debug */ = {
			isa = XCBuildConfiguration;
			buildSettings = {
				ALWAYS_SEARCH_USER_PATHS = NO;
				CLANG_ANALYZER_NONNULL = YES;
				CLANG_ANALYZER_NUMBER_OBJECT_CONVERSION = YES_AGGRESSIVE;
				CLANG_CXX_LANGUAGE_STANDARD = "gnu++17";
				CLANG_CXX_LIBRARY = "libc++";
				CLANG_ENABLE_MODULES = YES;
				CLANG_ENABLE_OBJC_ARC = YES;
				CLANG_ENABLE_OBJC_WEAK = YES;
				CLANG_WARN_BLOCK_CAPTURE_AUTORELEASING = YES;
				CLANG_WARN_BOOL_CONVERSION = YES;
				CLANG_WARN_COMMA = YES;
				CLANG_WARN_CONSTANT_CONVERSION = YES;
				CLANG_WARN_DEPRECATED_OBJC_IMPLEMENTATIONS = YES;
				CLANG_WARN_DIRECT_OBJC_ISA_USAGE = YES_ERROR;
				CLANG_WARN_DOCUMENTATION_COMMENTS = YES;
				CLANG_WARN_EMPTY_BODY = YES;
				CLANG_WARN_ENUM_CONVERSION = YES;
				CLANG_WARN_INFINITE_RECURSION = YES;
				CLANG_WARN_INT_CONVERSION = YES;
				CLANG_WARN_NON_LITERAL_NULL_CONVERSION = YES;
				CLANG_WARN_OBJC_IMPLICIT_RETAIN_SELF = YES;
				CLANG_WARN_OBJC_LITERAL_CONVERSION = YES;
				CLANG_WARN_OBJC_ROOT_CLASS = YES_ERROR;
				CLANG_WARN_QUOTED_INCLUDE_IN_FRAMEWORK_HEADER = YES;
				CLANG_WARN_RANGE_LOOP_ANALYSIS = YES;
				CLANG_WARN_STRICT_PROTOTYPES = YES;
				CLANG_WARN_SUSPICIOUS_MOVE = YES;
				CLANG_WARN_UNGUARDED_AVAILABILITY = YES_AGGRESSIVE;
				CLANG_WARN_UNREACHABLE_CODE = YES;
				CLANG_WARN__DUPLICATE_METHOD_MATCH = YES;
				COPY_PHASE_STRIP = NO;
				DEBUG_INFORMATION_FORMAT = dwarf;
				ENABLE_STRICT_OBJC_MSGSEND = YES;
				ENABLE_TESTABILITY = YES;
				GCC_C_LANGUAGE_STANDARD = gnu11;
				GCC_DYNAMIC_NO_PIC = NO;
				GCC_NO_COMMON_BLOCKS = YES;
				GCC_OPTIMIZATION_LEVEL = 0;
				GCC_PREPROCESSOR_DEFINITIONS = (
					"DEBUG=1",
					"$(inherited)",
				);
				GCC_WARN_64_TO_32_BIT_CONVERSION = YES;
				GCC_WARN_ABOUT_RETURN_TYPE = YES_ERROR;
				GCC_WARN_UNDECLARED_SELECTOR = YES;
				GCC_WARN_UNINITIALIZED_AUTOS = YES_AGGRESSIVE;
				GCC_WARN_UNUSED_FUNCTION = YES;
				GCC_WARN_UNUSED_VARIABLE = YES;
				IPHONEOS_DEPLOYMENT_TARGET = 14.0;
				MTL_ENABLE_DEBUG_INFO = INCLUDE_SOURCE;
				MTL_FAST_MATH = YES;
				ONLY_ACTIVE_ARCH = YES;
				SDKROOT = iphoneos;
				SWIFT_ACTIVE_COMPILATION_CONDITIONS = DEBUG;
				SWIFT_OPTIMIZATION_LEVEL = "-Onone";
			};
			name = Debug;
		};
		849029F02715E50F009152CA /* Release */ = {
			isa = XCBuildConfiguration;
			buildSettings = {
				ALWAYS_SEARCH_USER_PATHS = NO;
				CLANG_ANALYZER_NONNULL = YES;
				CLANG_ANALYZER_NUMBER_OBJECT_CONVERSION = YES_AGGRESSIVE;
				CLANG_CXX_LANGUAGE_STANDARD = "gnu++17";
				CLANG_CXX_LIBRARY = "libc++";
				CLANG_ENABLE_MODULES = YES;
				CLANG_ENABLE_OBJC_ARC = YES;
				CLANG_ENABLE_OBJC_WEAK = YES;
				CLANG_WARN_BLOCK_CAPTURE_AUTORELEASING = YES;
				CLANG_WARN_BOOL_CONVERSION = YES;
				CLANG_WARN_COMMA = YES;
				CLANG_WARN_CONSTANT_CONVERSION = YES;
				CLANG_WARN_DEPRECATED_OBJC_IMPLEMENTATIONS = YES;
				CLANG_WARN_DIRECT_OBJC_ISA_USAGE = YES_ERROR;
				CLANG_WARN_DOCUMENTATION_COMMENTS = YES;
				CLANG_WARN_EMPTY_BODY = YES;
				CLANG_WARN_ENUM_CONVERSION = YES;
				CLANG_WARN_INFINITE_RECURSION = YES;
				CLANG_WARN_INT_CONVERSION = YES;
				CLANG_WARN_NON_LITERAL_NULL_CONVERSION = YES;
				CLANG_WARN_OBJC_IMPLICIT_RETAIN_SELF = YES;
				CLANG_WARN_OBJC_LITERAL_CONVERSION = YES;
				CLANG_WARN_OBJC_ROOT_CLASS = YES_ERROR;
				CLANG_WARN_QUOTED_INCLUDE_IN_FRAMEWORK_HEADER = YES;
				CLANG_WARN_RANGE_LOOP_ANALYSIS = YES;
				CLANG_WARN_STRICT_PROTOTYPES = YES;
				CLANG_WARN_SUSPICIOUS_MOVE = YES;
				CLANG_WARN_UNGUARDED_AVAILABILITY = YES_AGGRESSIVE;
				CLANG_WARN_UNREACHABLE_CODE = YES;
				CLANG_WARN__DUPLICATE_METHOD_MATCH = YES;
				COPY_PHASE_STRIP = NO;
				DEBUG_INFORMATION_FORMAT = "dwarf-with-dsym";
				ENABLE_NS_ASSERTIONS = NO;
				ENABLE_STRICT_OBJC_MSGSEND = YES;
				GCC_C_LANGUAGE_STANDARD = gnu11;
				GCC_NO_COMMON_BLOCKS = YES;
				GCC_WARN_64_TO_32_BIT_CONVERSION = YES;
				GCC_WARN_ABOUT_RETURN_TYPE = YES_ERROR;
				GCC_WARN_UNDECLARED_SELECTOR = YES;
				GCC_WARN_UNINITIALIZED_AUTOS = YES_AGGRESSIVE;
				GCC_WARN_UNUSED_FUNCTION = YES;
				GCC_WARN_UNUSED_VARIABLE = YES;
				IPHONEOS_DEPLOYMENT_TARGET = 14.0;
				MTL_ENABLE_DEBUG_INFO = NO;
				MTL_FAST_MATH = YES;
				SDKROOT = iphoneos;
				SWIFT_COMPILATION_MODE = wholemodule;
				SWIFT_OPTIMIZATION_LEVEL = "-O";
				VALIDATE_PRODUCT = YES;
			};
			name = Release;
		};
		849029F22715E50F009152CA /* Debug */ = {
			isa = XCBuildConfiguration;
			baseConfigurationReference = A9904154E27491F5A8999385 /* Pods-Rentee.debug.xcconfig */;
			buildSettings = {
				ASSETCATALOG_COMPILER_APPICON_NAME = AppIcon;
				ASSETCATALOG_COMPILER_GLOBAL_ACCENT_COLOR_NAME = AccentColor;
				CODE_SIGN_STYLE = Automatic;
				CURRENT_PROJECT_VERSION = 1;
				DEVELOPMENT_ASSET_PATHS = "";
				ENABLE_PREVIEWS = YES;
				GENERATE_INFOPLIST_FILE = YES;
				INFOPLIST_FILE = Rentee/Info.plist;
				INFOPLIST_KEY_UIApplicationSceneManifest_Generation = YES;
				INFOPLIST_KEY_UIApplicationSupportsIndirectInputEvents = YES;
				INFOPLIST_KEY_UILaunchScreen_Generation = YES;
				INFOPLIST_KEY_UISupportedInterfaceOrientations = UIInterfaceOrientationPortrait;
				INFOPLIST_KEY_UISupportedInterfaceOrientations_iPad = "UIInterfaceOrientationPortrait UIInterfaceOrientationPortraitUpsideDown UIInterfaceOrientationLandscapeLeft UIInterfaceOrientationLandscapeRight";
				INFOPLIST_KEY_UISupportedInterfaceOrientations_iPhone = "UIInterfaceOrientationPortrait UIInterfaceOrientationLandscapeLeft UIInterfaceOrientationLandscapeRight";
				IPHONEOS_DEPLOYMENT_TARGET = 15.0;
				LD_RUNPATH_SEARCH_PATHS = (
					"$(inherited)",
					"@executable_path/Frameworks",
				);
				MARKETING_VERSION = 1.0.0;
				PRODUCT_BUNDLE_IDENTIFIER = OstapTyvonovych.Rentee;
				PRODUCT_NAME = "$(TARGET_NAME)";
				SWIFT_EMIT_LOC_STRINGS = YES;
				SWIFT_VERSION = 5.0;
				TARGETED_DEVICE_FAMILY = "1,2";
			};
			name = Debug;
		};
		849029F32715E50F009152CA /* Release */ = {
			isa = XCBuildConfiguration;
			baseConfigurationReference = 8D216C28A8265FB860EE7656 /* Pods-Rentee.release.xcconfig */;
			buildSettings = {
				ASSETCATALOG_COMPILER_APPICON_NAME = AppIcon;
				ASSETCATALOG_COMPILER_GLOBAL_ACCENT_COLOR_NAME = AccentColor;
				CODE_SIGN_STYLE = Automatic;
				CURRENT_PROJECT_VERSION = 1;
				DEVELOPMENT_ASSET_PATHS = "";
				ENABLE_PREVIEWS = YES;
				GENERATE_INFOPLIST_FILE = YES;
				INFOPLIST_FILE = Rentee/Info.plist;
				INFOPLIST_KEY_UIApplicationSceneManifest_Generation = YES;
				INFOPLIST_KEY_UIApplicationSupportsIndirectInputEvents = YES;
				INFOPLIST_KEY_UILaunchScreen_Generation = YES;
				INFOPLIST_KEY_UISupportedInterfaceOrientations = UIInterfaceOrientationPortrait;
				INFOPLIST_KEY_UISupportedInterfaceOrientations_iPad = "UIInterfaceOrientationPortrait UIInterfaceOrientationPortraitUpsideDown UIInterfaceOrientationLandscapeLeft UIInterfaceOrientationLandscapeRight";
				INFOPLIST_KEY_UISupportedInterfaceOrientations_iPhone = "UIInterfaceOrientationPortrait UIInterfaceOrientationLandscapeLeft UIInterfaceOrientationLandscapeRight";
				IPHONEOS_DEPLOYMENT_TARGET = 15.0;
				LD_RUNPATH_SEARCH_PATHS = (
					"$(inherited)",
					"@executable_path/Frameworks",
				);
				MARKETING_VERSION = 1.0.0;
				PRODUCT_BUNDLE_IDENTIFIER = OstapTyvonovych.Rentee;
				PRODUCT_NAME = "$(TARGET_NAME)";
				SWIFT_EMIT_LOC_STRINGS = YES;
				SWIFT_VERSION = 5.0;
				TARGETED_DEVICE_FAMILY = "1,2";
			};
			name = Release;
		};
/* End XCBuildConfiguration section */

/* Begin XCConfigurationList section */
		849029DE2715E50C009152CA /* Build configuration list for PBXProject "Rentee" */ = {
			isa = XCConfigurationList;
			buildConfigurations = (
				849029EF2715E50F009152CA /* Debug */,
				849029F02715E50F009152CA /* Release */,
			);
			defaultConfigurationIsVisible = 0;
			defaultConfigurationName = Release;
		};
		849029F12715E50F009152CA /* Build configuration list for PBXNativeTarget "Rentee" */ = {
			isa = XCConfigurationList;
			buildConfigurations = (
				849029F22715E50F009152CA /* Debug */,
				849029F32715E50F009152CA /* Release */,
			);
			defaultConfigurationIsVisible = 0;
			defaultConfigurationName = Release;
		};
/* End XCConfigurationList section */
	};
	rootObject = 849029DB2715E50C009152CA /* Project object */;
}
